// !$*UTF8*$!
{
	archiveVersion = 1;
	classes = {
	};
	objectVersion = 56;
	objects = {

/* Begin PBXBuildFile section */
		072FC0A9DFD3B9AA5A9C0334 /* Member.swift in Sources */ = {isa = PBXBuildFile; fileRef = 0818A478FD105E18FE49CAC2 /* Member.swift */; };
		0779996E03AB90C7596C0775 /* FinanceAnswer+Schema.swift in Sources */ = {isa = PBXBuildFile; fileRef = FE2BC0F55FA211F727EE20ED /* FinanceAnswer+Schema.swift */; };
		07DB8945B9F9A64CC22CFDAC /* amplifyconfiguration.json in Resources */ = {isa = PBXBuildFile; fileRef = 59A78B58B7CD66895A17FE22 /* amplifyconfiguration.json */; };
		1010AEBF58686A0BBBC15FAE /* EventTask.swift in Sources */ = {isa = PBXBuildFile; fileRef = F2FA6E0E9DC6A9D7AC5A5C83 /* EventTask.swift */; };
		2BF7E8017247BC8BF6813DCC /* AllEvents+Schema.swift in Sources */ = {isa = PBXBuildFile; fileRef = 4A61863889CDDFAE51C03773 /* AllEvents+Schema.swift */; };
		3F34CF98D77F85C2EB04139B /* QuizCategory.swift in Sources */ = {isa = PBXBuildFile; fileRef = 53985C1525E255896158E27A /* QuizCategory.swift */; };
		4395AFAE273AE9D84C80C1F6 /* Wallet+Schema.swift in Sources */ = {isa = PBXBuildFile; fileRef = 59D0B39DD9DAE004DF18460C /* Wallet+Schema.swift */; };
		46083CDE48D9F101B894A95C /* QuizAnswer.swift in Sources */ = {isa = PBXBuildFile; fileRef = 142C164908F44AAC24145E4A /* QuizAnswer.swift */; };
		6B59004C2AF9656600152BBF /* EventView.swift in Sources */ = {isa = PBXBuildFile; fileRef = 6B59004B2AF9656600152BBF /* EventView.swift */; };
		6B59004E2AF9657A00152BBF /* SegControlComponent.swift in Sources */ = {isa = PBXBuildFile; fileRef = 6B59004D2AF9657A00152BBF /* SegControlComponent.swift */; };
		6B5900502AF9720000152BBF /* CreateButtonComponent.swift in Sources */ = {isa = PBXBuildFile; fileRef = 6B59004F2AF9720000152BBF /* CreateButtonComponent.swift */; };
		6B5900522AF97D7B00152BBF /* ScrollViewComponent.swift in Sources */ = {isa = PBXBuildFile; fileRef = 6B5900512AF97D7B00152BBF /* ScrollViewComponent.swift */; };
		6B5900542AFA8A4900152BBF /* TaskSubview.swift in Sources */ = {isa = PBXBuildFile; fileRef = 6B5900532AFA8A4900152BBF /* TaskSubview.swift */; };
		6B5900562AFA8A5400152BBF /* FinanceSubview.swift in Sources */ = {isa = PBXBuildFile; fileRef = 6B5900552AFA8A5400152BBF /* FinanceSubview.swift */; };
		6B59005A2AFA8AC300152BBF /* QuizzesSubview.swift in Sources */ = {isa = PBXBuildFile; fileRef = 6B5900592AFA8AC300152BBF /* QuizzesSubview.swift */; };
		6B59005C2AFAA73100152BBF /* SegmentedControllView.swift in Sources */ = {isa = PBXBuildFile; fileRef = 6B59005B2AFAA73100152BBF /* SegmentedControllView.swift */; };
		6B59005E2AFABC0F00152BBF /* RectangleBoxComponent.swift in Sources */ = {isa = PBXBuildFile; fileRef = 6B59005D2AFABC0F00152BBF /* RectangleBoxComponent.swift */; };
		6C334954EAA4ECE89A84A521 /* Quiz.swift in Sources */ = {isa = PBXBuildFile; fileRef = E97D2F6793A3AFA7454C6170 /* Quiz.swift */; };
		7F5E0EC7A3EF3C98E7769949 /* Event+Schema.swift in Sources */ = {isa = PBXBuildFile; fileRef = 56C7A734010C2E6A10042C4D /* Event+Schema.swift */; };
		913C085E5332031C4BE778EA /* AnswerType.swift in Sources */ = {isa = PBXBuildFile; fileRef = 0A3BBA140DDFA3E08A99B89E /* AnswerType.swift */; };
		99BDFACFE7F9D9C8D69089B9 /* Event.swift in Sources */ = {isa = PBXBuildFile; fileRef = DCC1B7803B491C739B7F9A26 /* Event.swift */; };
		9D626597C91B04AAF3A28DED /* EventTask+Schema.swift in Sources */ = {isa = PBXBuildFile; fileRef = AE9800C52AD99D2D6EF2E819 /* EventTask+Schema.swift */; };
		AE22028FCA392B006AB85339 /* Quiz+Schema.swift in Sources */ = {isa = PBXBuildFile; fileRef = 1378B91BAD2131ED9B444B6B /* Quiz+Schema.swift */; };
		B1FE0A275CD7EB6334B4C0BF /* AmplifyModels.swift in Sources */ = {isa = PBXBuildFile; fileRef = BEE3072566DBB99EFFDFEBB3 /* AmplifyModels.swift */; };
		B38D21D3AB836C8B69D005E4 /* Status.swift in Sources */ = {isa = PBXBuildFile; fileRef = 682CC9CE2C02FAD37C0625AE /* Status.swift */; };
		BF2AE0C91D2DB16F34A11DD4 /* Wallet.swift in Sources */ = {isa = PBXBuildFile; fileRef = CCC54485086C00FF12342312 /* Wallet.swift */; };
		C6F64448180A479592BCB58E /* QuizAnswer+Schema.swift in Sources */ = {isa = PBXBuildFile; fileRef = 93EDE9ABCC6912BA606DC10C /* QuizAnswer+Schema.swift */; };
		D13CB5D22AED6C3C00CFEE02 /* IntegrationAppApp.swift in Sources */ = {isa = PBXBuildFile; fileRef = D13CB5D12AED6C3C00CFEE02 /* IntegrationAppApp.swift */; };
		D13CB5D42AED6C3C00CFEE02 /* ContentView.swift in Sources */ = {isa = PBXBuildFile; fileRef = D13CB5D32AED6C3C00CFEE02 /* ContentView.swift */; };
		D13CB5D62AED6C3D00CFEE02 /* Assets.xcassets in Resources */ = {isa = PBXBuildFile; fileRef = D13CB5D52AED6C3D00CFEE02 /* Assets.xcassets */; };
		D13CB5D92AED6C3D00CFEE02 /* Preview Assets.xcassets in Resources */ = {isa = PBXBuildFile; fileRef = D13CB5D82AED6C3D00CFEE02 /* Preview Assets.xcassets */; };
		D13CB5E32AED6C3D00CFEE02 /* IntegrationAppTests.swift in Sources */ = {isa = PBXBuildFile; fileRef = D13CB5E22AED6C3D00CFEE02 /* IntegrationAppTests.swift */; };
		D13CB5ED2AED6C3E00CFEE02 /* IntegrationAppUITests.swift in Sources */ = {isa = PBXBuildFile; fileRef = D13CB5EC2AED6C3E00CFEE02 /* IntegrationAppUITests.swift */; };
		D13CB5EF2AED6C3E00CFEE02 /* IntegrationAppUITestsLaunchTests.swift in Sources */ = {isa = PBXBuildFile; fileRef = D13CB5EE2AED6C3E00CFEE02 /* IntegrationAppUITestsLaunchTests.swift */; };
		D13CB5FD2AED6F2000CFEE02 /* AWSAPIPlugin in Frameworks */ = {isa = PBXBuildFile; productRef = D13CB5FC2AED6F2000CFEE02 /* AWSAPIPlugin */; };
		D13CB5FF2AED6F2000CFEE02 /* AWSCognitoAuthPlugin in Frameworks */ = {isa = PBXBuildFile; productRef = D13CB5FE2AED6F2000CFEE02 /* AWSCognitoAuthPlugin */; };
		D13CB6012AED6F2000CFEE02 /* AWSDataStorePlugin in Frameworks */ = {isa = PBXBuildFile; productRef = D13CB6002AED6F2000CFEE02 /* AWSDataStorePlugin */; };
		D13CB6032AED6F2000CFEE02 /* Amplify in Frameworks */ = {isa = PBXBuildFile; productRef = D13CB6022AED6F2000CFEE02 /* Amplify */; };
		D16252F12AED71E40077D469 /* Formatters.swift in Sources */ = {isa = PBXBuildFile; fileRef = D16252F02AED71E40077D469 /* Formatters.swift */; };
		DF4B0B48D1D83B6BF69D1786 /* Finance.swift in Sources */ = {isa = PBXBuildFile; fileRef = D4F2F6DEDA85AAED111D342D /* Finance.swift */; };
		E9FCBBF4CC0A4300A119B9F5 /* awsconfiguration.json in Resources */ = {isa = PBXBuildFile; fileRef = 7FC3EE45065C6E086CA1E35D /* awsconfiguration.json */; };
		F263A42006C083F72D7935D3 /* Member+Schema.swift in Sources */ = {isa = PBXBuildFile; fileRef = 49E3DE02A009FA9A1A169C71 /* Member+Schema.swift */; };
		F4F7C36D0E5DDBF04431E46E /* FinanceAnswer.swift in Sources */ = {isa = PBXBuildFile; fileRef = 6E738BF08672277F4CAFC70E /* FinanceAnswer.swift */; };
		FA210D5BE2635F5ABB6AEFB7 /* AllEvents.swift in Sources */ = {isa = PBXBuildFile; fileRef = D65769038C39234D4546F23D /* AllEvents.swift */; };
		FDE34C175D45DFE5597A0D41 /* Finance+Schema.swift in Sources */ = {isa = PBXBuildFile; fileRef = 4D0BDD28320DDE7053AE7256 /* Finance+Schema.swift */; };
/* End PBXBuildFile section */

/* Begin PBXContainerItemProxy section */
		D13CB5DF2AED6C3D00CFEE02 /* PBXContainerItemProxy */ = {
			isa = PBXContainerItemProxy;
			containerPortal = D13CB5C62AED6C3C00CFEE02 /* Project object */;
			proxyType = 1;
			remoteGlobalIDString = D13CB5CD2AED6C3C00CFEE02;
			remoteInfo = IntegrationApp;
		};
		D13CB5E92AED6C3E00CFEE02 /* PBXContainerItemProxy */ = {
			isa = PBXContainerItemProxy;
			containerPortal = D13CB5C62AED6C3C00CFEE02 /* Project object */;
			proxyType = 1;
			remoteGlobalIDString = D13CB5CD2AED6C3C00CFEE02;
			remoteInfo = IntegrationApp;
		};
/* End PBXContainerItemProxy section */

/* Begin PBXFileReference section */
		0818A478FD105E18FE49CAC2 /* Member.swift */ = {isa = PBXFileReference; explicitFileType = sourcecode.swift; name = Member.swift; path = amplify/generated/models/Member.swift; sourceTree = "<group>"; };
		0A3BBA140DDFA3E08A99B89E /* AnswerType.swift */ = {isa = PBXFileReference; explicitFileType = sourcecode.swift; name = AnswerType.swift; path = amplify/generated/models/AnswerType.swift; sourceTree = "<group>"; };
		1378B91BAD2131ED9B444B6B /* Quiz+Schema.swift */ = {isa = PBXFileReference; explicitFileType = sourcecode.swift; name = "Quiz+Schema.swift"; path = "amplify/generated/models/Quiz+Schema.swift"; sourceTree = "<group>"; };
		142C164908F44AAC24145E4A /* QuizAnswer.swift */ = {isa = PBXFileReference; explicitFileType = sourcecode.swift; name = QuizAnswer.swift; path = amplify/generated/models/QuizAnswer.swift; sourceTree = "<group>"; };
		49E3DE02A009FA9A1A169C71 /* Member+Schema.swift */ = {isa = PBXFileReference; explicitFileType = sourcecode.swift; name = "Member+Schema.swift"; path = "amplify/generated/models/Member+Schema.swift"; sourceTree = "<group>"; };
		4A61863889CDDFAE51C03773 /* AllEvents+Schema.swift */ = {isa = PBXFileReference; explicitFileType = sourcecode.swift; name = "AllEvents+Schema.swift"; path = "amplify/generated/models/AllEvents+Schema.swift"; sourceTree = "<group>"; };
		4D0BDD28320DDE7053AE7256 /* Finance+Schema.swift */ = {isa = PBXFileReference; explicitFileType = sourcecode.swift; name = "Finance+Schema.swift"; path = "amplify/generated/models/Finance+Schema.swift"; sourceTree = "<group>"; };
		53985C1525E255896158E27A /* QuizCategory.swift */ = {isa = PBXFileReference; explicitFileType = sourcecode.swift; name = QuizCategory.swift; path = amplify/generated/models/QuizCategory.swift; sourceTree = "<group>"; };
		56C7A734010C2E6A10042C4D /* Event+Schema.swift */ = {isa = PBXFileReference; explicitFileType = sourcecode.swift; name = "Event+Schema.swift"; path = "amplify/generated/models/Event+Schema.swift"; sourceTree = "<group>"; };
		59A78B58B7CD66895A17FE22 /* amplifyconfiguration.json */ = {isa = PBXFileReference; explicitFileType = text.json; path = amplifyconfiguration.json; sourceTree = "<group>"; };
		59D0B39DD9DAE004DF18460C /* Wallet+Schema.swift */ = {isa = PBXFileReference; explicitFileType = sourcecode.swift; name = "Wallet+Schema.swift"; path = "amplify/generated/models/Wallet+Schema.swift"; sourceTree = "<group>"; };
		682CC9CE2C02FAD37C0625AE /* Status.swift */ = {isa = PBXFileReference; explicitFileType = sourcecode.swift; name = Status.swift; path = amplify/generated/models/Status.swift; sourceTree = "<group>"; };
		6B59004B2AF9656600152BBF /* EventView.swift */ = {isa = PBXFileReference; lastKnownFileType = sourcecode.swift; path = EventView.swift; sourceTree = "<group>"; };
		6B59004D2AF9657A00152BBF /* SegControlComponent.swift */ = {isa = PBXFileReference; lastKnownFileType = sourcecode.swift; path = SegControlComponent.swift; sourceTree = "<group>"; };
		6B59004F2AF9720000152BBF /* CreateButtonComponent.swift */ = {isa = PBXFileReference; lastKnownFileType = sourcecode.swift; path = CreateButtonComponent.swift; sourceTree = "<group>"; };
		6B5900512AF97D7B00152BBF /* ScrollViewComponent.swift */ = {isa = PBXFileReference; lastKnownFileType = sourcecode.swift; path = ScrollViewComponent.swift; sourceTree = "<group>"; };
		6B5900532AFA8A4900152BBF /* TaskSubview.swift */ = {isa = PBXFileReference; lastKnownFileType = sourcecode.swift; path = TaskSubview.swift; sourceTree = "<group>"; };
		6B5900552AFA8A5400152BBF /* FinanceSubview.swift */ = {isa = PBXFileReference; lastKnownFileType = sourcecode.swift; path = FinanceSubview.swift; sourceTree = "<group>"; };
		6B5900592AFA8AC300152BBF /* QuizzesSubview.swift */ = {isa = PBXFileReference; lastKnownFileType = sourcecode.swift; path = QuizzesSubview.swift; sourceTree = "<group>"; };
		6B59005B2AFAA73100152BBF /* SegmentedControllView.swift */ = {isa = PBXFileReference; lastKnownFileType = sourcecode.swift; path = SegmentedControllView.swift; sourceTree = "<group>"; };
		6B59005D2AFABC0F00152BBF /* RectangleBoxComponent.swift */ = {isa = PBXFileReference; lastKnownFileType = sourcecode.swift; path = RectangleBoxComponent.swift; sourceTree = "<group>"; };
		6E738BF08672277F4CAFC70E /* FinanceAnswer.swift */ = {isa = PBXFileReference; explicitFileType = sourcecode.swift; name = FinanceAnswer.swift; path = amplify/generated/models/FinanceAnswer.swift; sourceTree = "<group>"; };
		7FC3EE45065C6E086CA1E35D /* awsconfiguration.json */ = {isa = PBXFileReference; explicitFileType = text.json; path = awsconfiguration.json; sourceTree = "<group>"; };
		93EDE9ABCC6912BA606DC10C /* QuizAnswer+Schema.swift */ = {isa = PBXFileReference; explicitFileType = sourcecode.swift; name = "QuizAnswer+Schema.swift"; path = "amplify/generated/models/QuizAnswer+Schema.swift"; sourceTree = "<group>"; };
		AE9800C52AD99D2D6EF2E819 /* EventTask+Schema.swift */ = {isa = PBXFileReference; explicitFileType = sourcecode.swift; name = "EventTask+Schema.swift"; path = "amplify/generated/models/EventTask+Schema.swift"; sourceTree = "<group>"; };
		BEE3072566DBB99EFFDFEBB3 /* AmplifyModels.swift */ = {isa = PBXFileReference; explicitFileType = sourcecode.swift; name = AmplifyModels.swift; path = amplify/generated/models/AmplifyModels.swift; sourceTree = "<group>"; };
		CCC54485086C00FF12342312 /* Wallet.swift */ = {isa = PBXFileReference; explicitFileType = sourcecode.swift; name = Wallet.swift; path = amplify/generated/models/Wallet.swift; sourceTree = "<group>"; };
		D13CB5CE2AED6C3C00CFEE02 /* IntegrationApp.app */ = {isa = PBXFileReference; explicitFileType = wrapper.application; includeInIndex = 0; path = IntegrationApp.app; sourceTree = BUILT_PRODUCTS_DIR; };
		D13CB5D12AED6C3C00CFEE02 /* IntegrationAppApp.swift */ = {isa = PBXFileReference; lastKnownFileType = sourcecode.swift; path = IntegrationAppApp.swift; sourceTree = "<group>"; };
		D13CB5D32AED6C3C00CFEE02 /* ContentView.swift */ = {isa = PBXFileReference; lastKnownFileType = sourcecode.swift; path = ContentView.swift; sourceTree = "<group>"; };
		D13CB5D52AED6C3D00CFEE02 /* Assets.xcassets */ = {isa = PBXFileReference; lastKnownFileType = folder.assetcatalog; path = Assets.xcassets; sourceTree = "<group>"; };
		D13CB5D82AED6C3D00CFEE02 /* Preview Assets.xcassets */ = {isa = PBXFileReference; lastKnownFileType = folder.assetcatalog; path = "Preview Assets.xcassets"; sourceTree = "<group>"; };
		D13CB5DE2AED6C3D00CFEE02 /* IntegrationAppTests.xctest */ = {isa = PBXFileReference; explicitFileType = wrapper.cfbundle; includeInIndex = 0; path = IntegrationAppTests.xctest; sourceTree = BUILT_PRODUCTS_DIR; };
		D13CB5E22AED6C3D00CFEE02 /* IntegrationAppTests.swift */ = {isa = PBXFileReference; lastKnownFileType = sourcecode.swift; path = IntegrationAppTests.swift; sourceTree = "<group>"; };
		D13CB5E82AED6C3E00CFEE02 /* IntegrationAppUITests.xctest */ = {isa = PBXFileReference; explicitFileType = wrapper.cfbundle; includeInIndex = 0; path = IntegrationAppUITests.xctest; sourceTree = BUILT_PRODUCTS_DIR; };
		D13CB5EC2AED6C3E00CFEE02 /* IntegrationAppUITests.swift */ = {isa = PBXFileReference; lastKnownFileType = sourcecode.swift; path = IntegrationAppUITests.swift; sourceTree = "<group>"; };
		D13CB5EE2AED6C3E00CFEE02 /* IntegrationAppUITestsLaunchTests.swift */ = {isa = PBXFileReference; lastKnownFileType = sourcecode.swift; path = IntegrationAppUITestsLaunchTests.swift; sourceTree = "<group>"; };
		D16252F02AED71E40077D469 /* Formatters.swift */ = {isa = PBXFileReference; lastKnownFileType = sourcecode.swift; path = Formatters.swift; sourceTree = "<group>"; };
		D4F2F6DEDA85AAED111D342D /* Finance.swift */ = {isa = PBXFileReference; explicitFileType = sourcecode.swift; name = Finance.swift; path = amplify/generated/models/Finance.swift; sourceTree = "<group>"; };
		D65769038C39234D4546F23D /* AllEvents.swift */ = {isa = PBXFileReference; explicitFileType = sourcecode.swift; name = AllEvents.swift; path = amplify/generated/models/AllEvents.swift; sourceTree = "<group>"; };
		DCC1B7803B491C739B7F9A26 /* Event.swift */ = {isa = PBXFileReference; explicitFileType = sourcecode.swift; name = Event.swift; path = amplify/generated/models/Event.swift; sourceTree = "<group>"; };
		E97D2F6793A3AFA7454C6170 /* Quiz.swift */ = {isa = PBXFileReference; explicitFileType = sourcecode.swift; name = Quiz.swift; path = amplify/generated/models/Quiz.swift; sourceTree = "<group>"; };
		F2FA6E0E9DC6A9D7AC5A5C83 /* EventTask.swift */ = {isa = PBXFileReference; explicitFileType = sourcecode.swift; name = EventTask.swift; path = amplify/generated/models/EventTask.swift; sourceTree = "<group>"; };
		FE2BC0F55FA211F727EE20ED /* FinanceAnswer+Schema.swift */ = {isa = PBXFileReference; explicitFileType = sourcecode.swift; name = "FinanceAnswer+Schema.swift"; path = "amplify/generated/models/FinanceAnswer+Schema.swift"; sourceTree = "<group>"; };
/* End PBXFileReference section */

/* Begin PBXFrameworksBuildPhase section */
		D13CB5CB2AED6C3C00CFEE02 /* Frameworks */ = {
			isa = PBXFrameworksBuildPhase;
			buildActionMask = 2147483647;
			files = (
				D13CB6012AED6F2000CFEE02 /* AWSDataStorePlugin in Frameworks */,
				D13CB6032AED6F2000CFEE02 /* Amplify in Frameworks */,
				D13CB5FD2AED6F2000CFEE02 /* AWSAPIPlugin in Frameworks */,
				D13CB5FF2AED6F2000CFEE02 /* AWSCognitoAuthPlugin in Frameworks */,
			);
			runOnlyForDeploymentPostprocessing = 0;
		};
		D13CB5DB2AED6C3D00CFEE02 /* Frameworks */ = {
			isa = PBXFrameworksBuildPhase;
			buildActionMask = 2147483647;
			files = (
			);
			runOnlyForDeploymentPostprocessing = 0;
		};
		D13CB5E52AED6C3E00CFEE02 /* Frameworks */ = {
			isa = PBXFrameworksBuildPhase;
			buildActionMask = 2147483647;
			files = (
			);
			runOnlyForDeploymentPostprocessing = 0;
		};
/* End PBXFrameworksBuildPhase section */

/* Begin PBXGroup section */
		94D3C1243636597087EC6D20 /* AmplifyConfig */ = {
			isa = PBXGroup;
			children = (
				7FC3EE45065C6E086CA1E35D /* awsconfiguration.json */,
				59A78B58B7CD66895A17FE22 /* amplifyconfiguration.json */,
			);
			name = AmplifyConfig;
			sourceTree = "<group>";
		};
		D13CB5C52AED6C3C00CFEE02 = {
			isa = PBXGroup;
			children = (
				D13CB5D02AED6C3C00CFEE02 /* IntegrationApp */,
				D13CB5E12AED6C3D00CFEE02 /* IntegrationAppTests */,
				D13CB5EB2AED6C3E00CFEE02 /* IntegrationAppUITests */,
				D13CB5CF2AED6C3C00CFEE02 /* Products */,
				94D3C1243636597087EC6D20 /* AmplifyConfig */,
				EE8E8F35B8B6DB90075D0A46 /* AmplifyModels */,
			);
			sourceTree = "<group>";
		};
		D13CB5CF2AED6C3C00CFEE02 /* Products */ = {
			isa = PBXGroup;
			children = (
				D13CB5CE2AED6C3C00CFEE02 /* IntegrationApp.app */,
				D13CB5DE2AED6C3D00CFEE02 /* IntegrationAppTests.xctest */,
				D13CB5E82AED6C3E00CFEE02 /* IntegrationAppUITests.xctest */,
			);
			name = Products;
			sourceTree = "<group>";
		};
		D13CB5D02AED6C3C00CFEE02 /* IntegrationApp */ = {
			isa = PBXGroup;
			children = (
				6B59004B2AF9656600152BBF /* EventView.swift */,
				6B59004D2AF9657A00152BBF /* SegControlComponent.swift */,
				6B5900512AF97D7B00152BBF /* ScrollViewComponent.swift */,
				6B59004F2AF9720000152BBF /* CreateButtonComponent.swift */,
				6B59005D2AFABC0F00152BBF /* RectangleBoxComponent.swift */,
				6B59005B2AFAA73100152BBF /* SegmentedControllView.swift */,
				6B5900532AFA8A4900152BBF /* TaskSubview.swift */,
				6B5900552AFA8A5400152BBF /* FinanceSubview.swift */,
				6B5900592AFA8AC300152BBF /* QuizzesSubview.swift */,
				D16252EF2AED71BB0077D469 /* Modifiers */,
				D13CB5D12AED6C3C00CFEE02 /* IntegrationAppApp.swift */,
				D13CB5D32AED6C3C00CFEE02 /* ContentView.swift */,
				D13CB5D52AED6C3D00CFEE02 /* Assets.xcassets */,
				D13CB5D72AED6C3D00CFEE02 /* Preview Content */,
			);
			path = IntegrationApp;
			sourceTree = "<group>";
		};
		D13CB5D72AED6C3D00CFEE02 /* Preview Content */ = {
			isa = PBXGroup;
			children = (
				D13CB5D82AED6C3D00CFEE02 /* Preview Assets.xcassets */,
			);
			path = "Preview Content";
			sourceTree = "<group>";
		};
		D13CB5E12AED6C3D00CFEE02 /* IntegrationAppTests */ = {
			isa = PBXGroup;
			children = (
				D13CB5E22AED6C3D00CFEE02 /* IntegrationAppTests.swift */,
			);
			path = IntegrationAppTests;
			sourceTree = "<group>";
		};
		D13CB5EB2AED6C3E00CFEE02 /* IntegrationAppUITests */ = {
			isa = PBXGroup;
			children = (
				D13CB5EC2AED6C3E00CFEE02 /* IntegrationAppUITests.swift */,
				D13CB5EE2AED6C3E00CFEE02 /* IntegrationAppUITestsLaunchTests.swift */,
			);
			path = IntegrationAppUITests;
			sourceTree = "<group>";
		};
		D16252EF2AED71BB0077D469 /* Modifiers */ = {
			isa = PBXGroup;
			children = (
				D16252F02AED71E40077D469 /* Formatters.swift */,
			);
			path = Modifiers;
			sourceTree = "<group>";
		};
		EE8E8F35B8B6DB90075D0A46 /* AmplifyModels */ = {
			isa = PBXGroup;
			children = (
				BEE3072566DBB99EFFDFEBB3 /* AmplifyModels.swift */,
				56C7A734010C2E6A10042C4D /* Event+Schema.swift */,
				DCC1B7803B491C739B7F9A26 /* Event.swift */,
				4A61863889CDDFAE51C03773 /* AllEvents+Schema.swift */,
				D65769038C39234D4546F23D /* AllEvents.swift */,
				0A3BBA140DDFA3E08A99B89E /* AnswerType.swift */,
				4D0BDD28320DDE7053AE7256 /* Finance+Schema.swift */,
				D4F2F6DEDA85AAED111D342D /* Finance.swift */,
				FE2BC0F55FA211F727EE20ED /* FinanceAnswer+Schema.swift */,
				6E738BF08672277F4CAFC70E /* FinanceAnswer.swift */,
				49E3DE02A009FA9A1A169C71 /* Member+Schema.swift */,
				0818A478FD105E18FE49CAC2 /* Member.swift */,
				1378B91BAD2131ED9B444B6B /* Quiz+Schema.swift */,
				E97D2F6793A3AFA7454C6170 /* Quiz.swift */,
				93EDE9ABCC6912BA606DC10C /* QuizAnswer+Schema.swift */,
				142C164908F44AAC24145E4A /* QuizAnswer.swift */,
				53985C1525E255896158E27A /* QuizCategory.swift */,
				682CC9CE2C02FAD37C0625AE /* Status.swift */,
				59D0B39DD9DAE004DF18460C /* Wallet+Schema.swift */,
				CCC54485086C00FF12342312 /* Wallet.swift */,
				AE9800C52AD99D2D6EF2E819 /* EventTask+Schema.swift */,
				F2FA6E0E9DC6A9D7AC5A5C83 /* EventTask.swift */,
			);
			name = AmplifyModels;
			sourceTree = "<group>";
		};
/* End PBXGroup section */

/* Begin PBXNativeTarget section */
		D13CB5CD2AED6C3C00CFEE02 /* IntegrationApp */ = {
			isa = PBXNativeTarget;
			buildConfigurationList = D13CB5F22AED6C3E00CFEE02 /* Build configuration list for PBXNativeTarget "IntegrationApp" */;
			buildPhases = (
				D13CB5CA2AED6C3C00CFEE02 /* Sources */,
				D13CB5CB2AED6C3C00CFEE02 /* Frameworks */,
				D13CB5CC2AED6C3C00CFEE02 /* Resources */,
			);
			buildRules = (
			);
			dependencies = (
			);
			name = IntegrationApp;
			packageProductDependencies = (
				D13CB5FC2AED6F2000CFEE02 /* AWSAPIPlugin */,
				D13CB5FE2AED6F2000CFEE02 /* AWSCognitoAuthPlugin */,
				D13CB6002AED6F2000CFEE02 /* AWSDataStorePlugin */,
				D13CB6022AED6F2000CFEE02 /* Amplify */,
			);
			productName = IntegrationApp;
			productReference = D13CB5CE2AED6C3C00CFEE02 /* IntegrationApp.app */;
			productType = "com.apple.product-type.application";
		};
		D13CB5DD2AED6C3D00CFEE02 /* IntegrationAppTests */ = {
			isa = PBXNativeTarget;
			buildConfigurationList = D13CB5F52AED6C3E00CFEE02 /* Build configuration list for PBXNativeTarget "IntegrationAppTests" */;
			buildPhases = (
				D13CB5DA2AED6C3D00CFEE02 /* Sources */,
				D13CB5DB2AED6C3D00CFEE02 /* Frameworks */,
				D13CB5DC2AED6C3D00CFEE02 /* Resources */,
			);
			buildRules = (
			);
			dependencies = (
				D13CB5E02AED6C3D00CFEE02 /* PBXTargetDependency */,
			);
			name = IntegrationAppTests;
			productName = IntegrationAppTests;
			productReference = D13CB5DE2AED6C3D00CFEE02 /* IntegrationAppTests.xctest */;
			productType = "com.apple.product-type.bundle.unit-test";
		};
		D13CB5E72AED6C3E00CFEE02 /* IntegrationAppUITests */ = {
			isa = PBXNativeTarget;
			buildConfigurationList = D13CB5F82AED6C3E00CFEE02 /* Build configuration list for PBXNativeTarget "IntegrationAppUITests" */;
			buildPhases = (
				D13CB5E42AED6C3E00CFEE02 /* Sources */,
				D13CB5E52AED6C3E00CFEE02 /* Frameworks */,
				D13CB5E62AED6C3E00CFEE02 /* Resources */,
			);
			buildRules = (
			);
			dependencies = (
				D13CB5EA2AED6C3E00CFEE02 /* PBXTargetDependency */,
			);
			name = IntegrationAppUITests;
			productName = IntegrationAppUITests;
			productReference = D13CB5E82AED6C3E00CFEE02 /* IntegrationAppUITests.xctest */;
			productType = "com.apple.product-type.bundle.ui-testing";
		};
/* End PBXNativeTarget section */

/* Begin PBXProject section */
		D13CB5C62AED6C3C00CFEE02 /* Project object */ = {
			isa = PBXProject;
			attributes = {
				BuildIndependentTargetsInParallel = 1;
				LastSwiftUpdateCheck = 1500;
				LastUpgradeCheck = 1500;
				TargetAttributes = {
					D13CB5CD2AED6C3C00CFEE02 = {
						CreatedOnToolsVersion = 15.0;
					};
					D13CB5DD2AED6C3D00CFEE02 = {
						CreatedOnToolsVersion = 15.0;
						TestTargetID = D13CB5CD2AED6C3C00CFEE02;
					};
					D13CB5E72AED6C3E00CFEE02 = {
						CreatedOnToolsVersion = 15.0;
						TestTargetID = D13CB5CD2AED6C3C00CFEE02;
					};
				};
			};
			buildConfigurationList = D13CB5C92AED6C3C00CFEE02 /* Build configuration list for PBXProject "IntegrationApp" */;
			compatibilityVersion = "Xcode 14.0";
			developmentRegion = en;
			hasScannedForEncodings = 0;
			knownRegions = (
				en,
				Base,
			);
			mainGroup = D13CB5C52AED6C3C00CFEE02;
			packageReferences = (
				D13CB5FB2AED6F2000CFEE02 /* XCRemoteSwiftPackageReference "amplify-swift" */,
			);
			productRefGroup = D13CB5CF2AED6C3C00CFEE02 /* Products */;
			projectDirPath = "";
			projectRoot = "";
			targets = (
				D13CB5CD2AED6C3C00CFEE02 /* IntegrationApp */,
				D13CB5DD2AED6C3D00CFEE02 /* IntegrationAppTests */,
				D13CB5E72AED6C3E00CFEE02 /* IntegrationAppUITests */,
			);
		};
/* End PBXProject section */

/* Begin PBXResourcesBuildPhase section */
		D13CB5CC2AED6C3C00CFEE02 /* Resources */ = {
			isa = PBXResourcesBuildPhase;
			buildActionMask = 2147483647;
			files = (
				D13CB5D92AED6C3D00CFEE02 /* Preview Assets.xcassets in Resources */,
				D13CB5D62AED6C3D00CFEE02 /* Assets.xcassets in Resources */,
				E9FCBBF4CC0A4300A119B9F5 /* awsconfiguration.json in Resources */,
				07DB8945B9F9A64CC22CFDAC /* amplifyconfiguration.json in Resources */,
			);
			runOnlyForDeploymentPostprocessing = 0;
		};
		D13CB5DC2AED6C3D00CFEE02 /* Resources */ = {
			isa = PBXResourcesBuildPhase;
			buildActionMask = 2147483647;
			files = (
			);
			runOnlyForDeploymentPostprocessing = 0;
		};
		D13CB5E62AED6C3E00CFEE02 /* Resources */ = {
			isa = PBXResourcesBuildPhase;
			buildActionMask = 2147483647;
			files = (
			);
			runOnlyForDeploymentPostprocessing = 0;
		};
/* End PBXResourcesBuildPhase section */

/* Begin PBXSourcesBuildPhase section */
		D13CB5CA2AED6C3C00CFEE02 /* Sources */ = {
			isa = PBXSourcesBuildPhase;
			buildActionMask = 2147483647;
			files = (
				6B5900562AFA8A5400152BBF /* FinanceSubview.swift in Sources */,
				D13CB5D42AED6C3C00CFEE02 /* ContentView.swift in Sources */,
				6B59005C2AFAA73100152BBF /* SegmentedControllView.swift in Sources */,
				D13CB5D22AED6C3C00CFEE02 /* IntegrationAppApp.swift in Sources */,
				D16252F12AED71E40077D469 /* Formatters.swift in Sources */,
				B1FE0A275CD7EB6334B4C0BF /* AmplifyModels.swift in Sources */,
				7F5E0EC7A3EF3C98E7769949 /* Event+Schema.swift in Sources */,
				99BDFACFE7F9D9C8D69089B9 /* Event.swift in Sources */,
				2BF7E8017247BC8BF6813DCC /* AllEvents+Schema.swift in Sources */,
				6B5900522AF97D7B00152BBF /* ScrollViewComponent.swift in Sources */,
				6B5900542AFA8A4900152BBF /* TaskSubview.swift in Sources */,
				FA210D5BE2635F5ABB6AEFB7 /* AllEvents.swift in Sources */,
				913C085E5332031C4BE778EA /* AnswerType.swift in Sources */,
				6B5900502AF9720000152BBF /* CreateButtonComponent.swift in Sources */,
				FDE34C175D45DFE5597A0D41 /* Finance+Schema.swift in Sources */,
				DF4B0B48D1D83B6BF69D1786 /* Finance.swift in Sources */,
				6B59005A2AFA8AC300152BBF /* QuizzesSubview.swift in Sources */,
				0779996E03AB90C7596C0775 /* FinanceAnswer+Schema.swift in Sources */,
				F4F7C36D0E5DDBF04431E46E /* FinanceAnswer.swift in Sources */,
				F263A42006C083F72D7935D3 /* Member+Schema.swift in Sources */,
				072FC0A9DFD3B9AA5A9C0334 /* Member.swift in Sources */,
				6B59004C2AF9656600152BBF /* EventView.swift in Sources */,
				AE22028FCA392B006AB85339 /* Quiz+Schema.swift in Sources */,
				6C334954EAA4ECE89A84A521 /* Quiz.swift in Sources */,
				C6F64448180A479592BCB58E /* QuizAnswer+Schema.swift in Sources */,
				46083CDE48D9F101B894A95C /* QuizAnswer.swift in Sources */,
				3F34CF98D77F85C2EB04139B /* QuizCategory.swift in Sources */,
				B38D21D3AB836C8B69D005E4 /* Status.swift in Sources */,
				4395AFAE273AE9D84C80C1F6 /* Wallet+Schema.swift in Sources */,
				BF2AE0C91D2DB16F34A11DD4 /* Wallet.swift in Sources */,
				9D626597C91B04AAF3A28DED /* EventTask+Schema.swift in Sources */,
				6B59004E2AF9657A00152BBF /* SegControlComponent.swift in Sources */,
				6B59005E2AFABC0F00152BBF /* RectangleBoxComponent.swift in Sources */,
				1010AEBF58686A0BBBC15FAE /* EventTask.swift in Sources */,
			);
			runOnlyForDeploymentPostprocessing = 0;
		};
		D13CB5DA2AED6C3D00CFEE02 /* Sources */ = {
			isa = PBXSourcesBuildPhase;
			buildActionMask = 2147483647;
			files = (
				D13CB5E32AED6C3D00CFEE02 /* IntegrationAppTests.swift in Sources */,
			);
			runOnlyForDeploymentPostprocessing = 0;
		};
		D13CB5E42AED6C3E00CFEE02 /* Sources */ = {
			isa = PBXSourcesBuildPhase;
			buildActionMask = 2147483647;
			files = (
				D13CB5ED2AED6C3E00CFEE02 /* IntegrationAppUITests.swift in Sources */,
				D13CB5EF2AED6C3E00CFEE02 /* IntegrationAppUITestsLaunchTests.swift in Sources */,
			);
			runOnlyForDeploymentPostprocessing = 0;
		};
/* End PBXSourcesBuildPhase section */

/* Begin PBXTargetDependency section */
		D13CB5E02AED6C3D00CFEE02 /* PBXTargetDependency */ = {
			isa = PBXTargetDependency;
			target = D13CB5CD2AED6C3C00CFEE02 /* IntegrationApp */;
			targetProxy = D13CB5DF2AED6C3D00CFEE02 /* PBXContainerItemProxy */;
		};
		D13CB5EA2AED6C3E00CFEE02 /* PBXTargetDependency */ = {
			isa = PBXTargetDependency;
			target = D13CB5CD2AED6C3C00CFEE02 /* IntegrationApp */;
			targetProxy = D13CB5E92AED6C3E00CFEE02 /* PBXContainerItemProxy */;
		};
/* End PBXTargetDependency section */

/* Begin XCBuildConfiguration section */
		D13CB5F02AED6C3E00CFEE02 /* Debug */ = {
			isa = XCBuildConfiguration;
			buildSettings = {
				ALWAYS_SEARCH_USER_PATHS = NO;
				ASSETCATALOG_COMPILER_GENERATE_SWIFT_ASSET_SYMBOL_EXTENSIONS = YES;
				CLANG_ANALYZER_NONNULL = YES;
				CLANG_ANALYZER_NUMBER_OBJECT_CONVERSION = YES_AGGRESSIVE;
				CLANG_CXX_LANGUAGE_STANDARD = "gnu++20";
				CLANG_ENABLE_MODULES = YES;
				CLANG_ENABLE_OBJC_ARC = YES;
				CLANG_ENABLE_OBJC_WEAK = YES;
				CLANG_WARN_BLOCK_CAPTURE_AUTORELEASING = YES;
				CLANG_WARN_BOOL_CONVERSION = YES;
				CLANG_WARN_COMMA = YES;
				CLANG_WARN_CONSTANT_CONVERSION = YES;
				CLANG_WARN_DEPRECATED_OBJC_IMPLEMENTATIONS = YES;
				CLANG_WARN_DIRECT_OBJC_ISA_USAGE = YES_ERROR;
				CLANG_WARN_DOCUMENTATION_COMMENTS = YES;
				CLANG_WARN_EMPTY_BODY = YES;
				CLANG_WARN_ENUM_CONVERSION = YES;
				CLANG_WARN_INFINITE_RECURSION = YES;
				CLANG_WARN_INT_CONVERSION = YES;
				CLANG_WARN_NON_LITERAL_NULL_CONVERSION = YES;
				CLANG_WARN_OBJC_IMPLICIT_RETAIN_SELF = YES;
				CLANG_WARN_OBJC_LITERAL_CONVERSION = YES;
				CLANG_WARN_OBJC_ROOT_CLASS = YES_ERROR;
				CLANG_WARN_QUOTED_INCLUDE_IN_FRAMEWORK_HEADER = YES;
				CLANG_WARN_RANGE_LOOP_ANALYSIS = YES;
				CLANG_WARN_STRICT_PROTOTYPES = YES;
				CLANG_WARN_SUSPICIOUS_MOVE = YES;
				CLANG_WARN_UNGUARDED_AVAILABILITY = YES_AGGRESSIVE;
				CLANG_WARN_UNREACHABLE_CODE = YES;
				CLANG_WARN__DUPLICATE_METHOD_MATCH = YES;
				COPY_PHASE_STRIP = NO;
				DEBUG_INFORMATION_FORMAT = dwarf;
				ENABLE_STRICT_OBJC_MSGSEND = YES;
				ENABLE_TESTABILITY = YES;
				ENABLE_USER_SCRIPT_SANDBOXING = YES;
				GCC_C_LANGUAGE_STANDARD = gnu17;
				GCC_DYNAMIC_NO_PIC = NO;
				GCC_NO_COMMON_BLOCKS = YES;
				GCC_OPTIMIZATION_LEVEL = 0;
				GCC_PREPROCESSOR_DEFINITIONS = (
					"DEBUG=1",
					"$(inherited)",
				);
				GCC_WARN_64_TO_32_BIT_CONVERSION = YES;
				GCC_WARN_ABOUT_RETURN_TYPE = YES_ERROR;
				GCC_WARN_UNDECLARED_SELECTOR = YES;
				GCC_WARN_UNINITIALIZED_AUTOS = YES_AGGRESSIVE;
				GCC_WARN_UNUSED_FUNCTION = YES;
				GCC_WARN_UNUSED_VARIABLE = YES;
				IPHONEOS_DEPLOYMENT_TARGET = 16.1;
				LOCALIZATION_PREFERS_STRING_CATALOGS = YES;
				MTL_ENABLE_DEBUG_INFO = INCLUDE_SOURCE;
				MTL_FAST_MATH = YES;
				ONLY_ACTIVE_ARCH = YES;
				SDKROOT = iphoneos;
				SWIFT_ACTIVE_COMPILATION_CONDITIONS = "DEBUG $(inherited)";
				SWIFT_OPTIMIZATION_LEVEL = "-Onone";
			};
			name = Debug;
		};
		D13CB5F12AED6C3E00CFEE02 /* Release */ = {
			isa = XCBuildConfiguration;
			buildSettings = {
				ALWAYS_SEARCH_USER_PATHS = NO;
				ASSETCATALOG_COMPILER_GENERATE_SWIFT_ASSET_SYMBOL_EXTENSIONS = YES;
				CLANG_ANALYZER_NONNULL = YES;
				CLANG_ANALYZER_NUMBER_OBJECT_CONVERSION = YES_AGGRESSIVE;
				CLANG_CXX_LANGUAGE_STANDARD = "gnu++20";
				CLANG_ENABLE_MODULES = YES;
				CLANG_ENABLE_OBJC_ARC = YES;
				CLANG_ENABLE_OBJC_WEAK = YES;
				CLANG_WARN_BLOCK_CAPTURE_AUTORELEASING = YES;
				CLANG_WARN_BOOL_CONVERSION = YES;
				CLANG_WARN_COMMA = YES;
				CLANG_WARN_CONSTANT_CONVERSION = YES;
				CLANG_WARN_DEPRECATED_OBJC_IMPLEMENTATIONS = YES;
				CLANG_WARN_DIRECT_OBJC_ISA_USAGE = YES_ERROR;
				CLANG_WARN_DOCUMENTATION_COMMENTS = YES;
				CLANG_WARN_EMPTY_BODY = YES;
				CLANG_WARN_ENUM_CONVERSION = YES;
				CLANG_WARN_INFINITE_RECURSION = YES;
				CLANG_WARN_INT_CONVERSION = YES;
				CLANG_WARN_NON_LITERAL_NULL_CONVERSION = YES;
				CLANG_WARN_OBJC_IMPLICIT_RETAIN_SELF = YES;
				CLANG_WARN_OBJC_LITERAL_CONVERSION = YES;
				CLANG_WARN_OBJC_ROOT_CLASS = YES_ERROR;
				CLANG_WARN_QUOTED_INCLUDE_IN_FRAMEWORK_HEADER = YES;
				CLANG_WARN_RANGE_LOOP_ANALYSIS = YES;
				CLANG_WARN_STRICT_PROTOTYPES = YES;
				CLANG_WARN_SUSPICIOUS_MOVE = YES;
				CLANG_WARN_UNGUARDED_AVAILABILITY = YES_AGGRESSIVE;
				CLANG_WARN_UNREACHABLE_CODE = YES;
				CLANG_WARN__DUPLICATE_METHOD_MATCH = YES;
				COPY_PHASE_STRIP = NO;
				DEBUG_INFORMATION_FORMAT = "dwarf-with-dsym";
				ENABLE_NS_ASSERTIONS = NO;
				ENABLE_STRICT_OBJC_MSGSEND = YES;
				ENABLE_USER_SCRIPT_SANDBOXING = YES;
				GCC_C_LANGUAGE_STANDARD = gnu17;
				GCC_NO_COMMON_BLOCKS = YES;
				GCC_WARN_64_TO_32_BIT_CONVERSION = YES;
				GCC_WARN_ABOUT_RETURN_TYPE = YES_ERROR;
				GCC_WARN_UNDECLARED_SELECTOR = YES;
				GCC_WARN_UNINITIALIZED_AUTOS = YES_AGGRESSIVE;
				GCC_WARN_UNUSED_FUNCTION = YES;
				GCC_WARN_UNUSED_VARIABLE = YES;
				IPHONEOS_DEPLOYMENT_TARGET = 16.1;
				LOCALIZATION_PREFERS_STRING_CATALOGS = YES;
				MTL_ENABLE_DEBUG_INFO = NO;
				MTL_FAST_MATH = YES;
				SDKROOT = iphoneos;
				SWIFT_COMPILATION_MODE = wholemodule;
				VALIDATE_PRODUCT = YES;
			};
			name = Release;
		};
		D13CB5F32AED6C3E00CFEE02 /* Debug */ = {
			isa = XCBuildConfiguration;
			buildSettings = {
				ASSETCATALOG_COMPILER_APPICON_NAME = AppIcon;
				ASSETCATALOG_COMPILER_GLOBAL_ACCENT_COLOR_NAME = AccentColor;
				ASSETCATALOG_COMPILER_INCLUDE_ALL_APPICON_ASSETS = YES;
				CODE_SIGN_STYLE = Automatic;
				CURRENT_PROJECT_VERSION = 1;
				DEVELOPMENT_ASSET_PATHS = "\"IntegrationApp/Preview Content\"";
				DEVELOPMENT_TEAM = 3SWCGFCJF2;
				ENABLE_PREVIEWS = YES;
				GENERATE_INFOPLIST_FILE = YES;
				INFOPLIST_KEY_LSApplicationCategoryType = "public.app-category.utilities";
				INFOPLIST_KEY_UIApplicationSceneManifest_Generation = YES;
				INFOPLIST_KEY_UIApplicationSupportsIndirectInputEvents = YES;
				INFOPLIST_KEY_UILaunchScreen_Generation = YES;
				INFOPLIST_KEY_UIStatusBarStyle = "";
				INFOPLIST_KEY_UISupportedInterfaceOrientations = UIInterfaceOrientationPortrait;
				INFOPLIST_KEY_UISupportedInterfaceOrientations_iPad = "UIInterfaceOrientationPortrait UIInterfaceOrientationPortraitUpsideDown";
				IPHONEOS_DEPLOYMENT_TARGET = 16.1;
				LD_RUNPATH_SEARCH_PATHS = (
					"$(inherited)",
					"@executable_path/Frameworks",
				);
				MARKETING_VERSION = 1.0;
				PRODUCT_BUNDLE_IDENTIFIER = mini.IntegrationApp;
				PRODUCT_NAME = "$(TARGET_NAME)";
				SUPPORTED_PLATFORMS = "iphoneos iphonesimulator";
				SUPPORTS_MACCATALYST = NO;
				SUPPORTS_MAC_DESIGNED_FOR_IPHONE_IPAD = NO;
				SWIFT_EMIT_LOC_STRINGS = YES;
				SWIFT_VERSION = 5.0;
				TARGETED_DEVICE_FAMILY = "1,2";
			};
			name = Debug;
		};
		D13CB5F42AED6C3E00CFEE02 /* Release */ = {
			isa = XCBuildConfiguration;
			buildSettings = {
				ASSETCATALOG_COMPILER_APPICON_NAME = AppIcon;
				ASSETCATALOG_COMPILER_GLOBAL_ACCENT_COLOR_NAME = AccentColor;
				ASSETCATALOG_COMPILER_INCLUDE_ALL_APPICON_ASSETS = YES;
				CODE_SIGN_STYLE = Automatic;
				CURRENT_PROJECT_VERSION = 1;
				DEVELOPMENT_ASSET_PATHS = "\"IntegrationApp/Preview Content\"";
				DEVELOPMENT_TEAM = 3SWCGFCJF2;
				ENABLE_PREVIEWS = YES;
				GENERATE_INFOPLIST_FILE = YES;
				INFOPLIST_KEY_LSApplicationCategoryType = "public.app-category.utilities";
				INFOPLIST_KEY_UIApplicationSceneManifest_Generation = YES;
				INFOPLIST_KEY_UIApplicationSupportsIndirectInputEvents = YES;
				INFOPLIST_KEY_UILaunchScreen_Generation = YES;
				INFOPLIST_KEY_UIStatusBarStyle = "";
				INFOPLIST_KEY_UISupportedInterfaceOrientations = UIInterfaceOrientationPortrait;
				INFOPLIST_KEY_UISupportedInterfaceOrientations_iPad = "UIInterfaceOrientationPortrait UIInterfaceOrientationPortraitUpsideDown";
				IPHONEOS_DEPLOYMENT_TARGET = 16.1;
				LD_RUNPATH_SEARCH_PATHS = (
					"$(inherited)",
					"@executable_path/Frameworks",
				);
				MARKETING_VERSION = 1.0;
				PRODUCT_BUNDLE_IDENTIFIER = mini.IntegrationApp;
				PRODUCT_NAME = "$(TARGET_NAME)";
				SUPPORTED_PLATFORMS = "iphoneos iphonesimulator";
				SUPPORTS_MACCATALYST = NO;
				SUPPORTS_MAC_DESIGNED_FOR_IPHONE_IPAD = NO;
				SWIFT_EMIT_LOC_STRINGS = YES;
				SWIFT_VERSION = 5.0;
				TARGETED_DEVICE_FAMILY = "1,2";
			};
			name = Release;
		};
		D13CB5F62AED6C3E00CFEE02 /* Debug */ = {
			isa = XCBuildConfiguration;
			buildSettings = {
				ALWAYS_EMBED_SWIFT_STANDARD_LIBRARIES = YES;
				BUNDLE_LOADER = "$(TEST_HOST)";
				CODE_SIGN_STYLE = Automatic;
				CURRENT_PROJECT_VERSION = 1;
				DEVELOPMENT_TEAM = 3SWCGFCJF2;
				GENERATE_INFOPLIST_FILE = YES;
				IPHONEOS_DEPLOYMENT_TARGET = 17.0;
				MARKETING_VERSION = 1.0;
				PRODUCT_BUNDLE_IDENTIFIER = mini.IntegrationAppTests;
				PRODUCT_NAME = "$(TARGET_NAME)";
				SWIFT_EMIT_LOC_STRINGS = NO;
				SWIFT_VERSION = 5.0;
				TARGETED_DEVICE_FAMILY = "1,2";
				TEST_HOST = "$(BUILT_PRODUCTS_DIR)/IntegrationApp.app/$(BUNDLE_EXECUTABLE_FOLDER_PATH)/IntegrationApp";
			};
			name = Debug;
		};
		D13CB5F72AED6C3E00CFEE02 /* Release */ = {
			isa = XCBuildConfiguration;
			buildSettings = {
				ALWAYS_EMBED_SWIFT_STANDARD_LIBRARIES = YES;
				BUNDLE_LOADER = "$(TEST_HOST)";
				CODE_SIGN_STYLE = Automatic;
				CURRENT_PROJECT_VERSION = 1;
				DEVELOPMENT_TEAM = 3SWCGFCJF2;
				GENERATE_INFOPLIST_FILE = YES;
				IPHONEOS_DEPLOYMENT_TARGET = 17.0;
				MARKETING_VERSION = 1.0;
				PRODUCT_BUNDLE_IDENTIFIER = mini.IntegrationAppTests;
				PRODUCT_NAME = "$(TARGET_NAME)";
				SWIFT_EMIT_LOC_STRINGS = NO;
				SWIFT_VERSION = 5.0;
				TARGETED_DEVICE_FAMILY = "1,2";
				TEST_HOST = "$(BUILT_PRODUCTS_DIR)/IntegrationApp.app/$(BUNDLE_EXECUTABLE_FOLDER_PATH)/IntegrationApp";
			};
			name = Release;
		};
		D13CB5F92AED6C3E00CFEE02 /* Debug */ = {
			isa = XCBuildConfiguration;
			buildSettings = {
				ALWAYS_EMBED_SWIFT_STANDARD_LIBRARIES = YES;
				CODE_SIGN_STYLE = Automatic;
				CURRENT_PROJECT_VERSION = 1;
				DEVELOPMENT_TEAM = 3SWCGFCJF2;
				GENERATE_INFOPLIST_FILE = YES;
				MARKETING_VERSION = 1.0;
				PRODUCT_BUNDLE_IDENTIFIER = mini.IntegrationAppUITests;
				PRODUCT_NAME = "$(TARGET_NAME)";
				SWIFT_EMIT_LOC_STRINGS = NO;
				SWIFT_VERSION = 5.0;
				TARGETED_DEVICE_FAMILY = "1,2";
				TEST_TARGET_NAME = IntegrationApp;
			};
			name = Debug;
		};
		D13CB5FA2AED6C3E00CFEE02 /* Release */ = {
			isa = XCBuildConfiguration;
			buildSettings = {
				ALWAYS_EMBED_SWIFT_STANDARD_LIBRARIES = YES;
				CODE_SIGN_STYLE = Automatic;
				CURRENT_PROJECT_VERSION = 1;
				DEVELOPMENT_TEAM = 3SWCGFCJF2;
				GENERATE_INFOPLIST_FILE = YES;
				MARKETING_VERSION = 1.0;
				PRODUCT_BUNDLE_IDENTIFIER = mini.IntegrationAppUITests;
				PRODUCT_NAME = "$(TARGET_NAME)";
				SWIFT_EMIT_LOC_STRINGS = NO;
				SWIFT_VERSION = 5.0;
				TARGETED_DEVICE_FAMILY = "1,2";
				TEST_TARGET_NAME = IntegrationApp;
			};
			name = Release;
		};
/* End XCBuildConfiguration section */

/* Begin XCConfigurationList section */
		D13CB5C92AED6C3C00CFEE02 /* Build configuration list for PBXProject "IntegrationApp" */ = {
			isa = XCConfigurationList;
			buildConfigurations = (
				D13CB5F02AED6C3E00CFEE02 /* Debug */,
				D13CB5F12AED6C3E00CFEE02 /* Release */,
			);
			defaultConfigurationIsVisible = 0;
			defaultConfigurationName = Release;
		};
		D13CB5F22AED6C3E00CFEE02 /* Build configuration list for PBXNativeTarget "IntegrationApp" */ = {
			isa = XCConfigurationList;
			buildConfigurations = (
				D13CB5F32AED6C3E00CFEE02 /* Debug */,
				D13CB5F42AED6C3E00CFEE02 /* Release */,
			);
			defaultConfigurationIsVisible = 0;
			defaultConfigurationName = Release;
		};
		D13CB5F52AED6C3E00CFEE02 /* Build configuration list for PBXNativeTarget "IntegrationAppTests" */ = {
			isa = XCConfigurationList;
			buildConfigurations = (
				D13CB5F62AED6C3E00CFEE02 /* Debug */,
				D13CB5F72AED6C3E00CFEE02 /* Release */,
			);
			defaultConfigurationIsVisible = 0;
			defaultConfigurationName = Release;
		};
		D13CB5F82AED6C3E00CFEE02 /* Build configuration list for PBXNativeTarget "IntegrationAppUITests" */ = {
			isa = XCConfigurationList;
			buildConfigurations = (
				D13CB5F92AED6C3E00CFEE02 /* Debug */,
				D13CB5FA2AED6C3E00CFEE02 /* Release */,
			);
			defaultConfigurationIsVisible = 0;
			defaultConfigurationName = Release;
		};
/* End XCConfigurationList section */

/* Begin XCRemoteSwiftPackageReference section */
		D13CB5FB2AED6F2000CFEE02 /* XCRemoteSwiftPackageReference "amplify-swift" */ = {
			isa = XCRemoteSwiftPackageReference;
			repositoryURL = "https://github.com/aws-amplify/amplify-swift";
			requirement = {
				kind = upToNextMajorVersion;
				minimumVersion = 2.21.1;
			};
		};
/* End XCRemoteSwiftPackageReference section */

/* Begin XCSwiftPackageProductDependency section */
		D13CB5FC2AED6F2000CFEE02 /* AWSAPIPlugin */ = {
			isa = XCSwiftPackageProductDependency;
			package = D13CB5FB2AED6F2000CFEE02 /* XCRemoteSwiftPackageReference "amplify-swift" */;
			productName = AWSAPIPlugin;
		};
		D13CB5FE2AED6F2000CFEE02 /* AWSCognitoAuthPlugin */ = {
			isa = XCSwiftPackageProductDependency;
			package = D13CB5FB2AED6F2000CFEE02 /* XCRemoteSwiftPackageReference "amplify-swift" */;
			productName = AWSCognitoAuthPlugin;
		};
		D13CB6002AED6F2000CFEE02 /* AWSDataStorePlugin */ = {
			isa = XCSwiftPackageProductDependency;
			package = D13CB5FB2AED6F2000CFEE02 /* XCRemoteSwiftPackageReference "amplify-swift" */;
			productName = AWSDataStorePlugin;
		};
		D13CB6022AED6F2000CFEE02 /* Amplify */ = {
			isa = XCSwiftPackageProductDependency;
			package = D13CB5FB2AED6F2000CFEE02 /* XCRemoteSwiftPackageReference "amplify-swift" */;
			productName = Amplify;
		};
/* End XCSwiftPackageProductDependency section */
	};
	rootObject = D13CB5C62AED6C3C00CFEE02 /* Project object */;
}
