// !$*UTF8*$!
{
	archiveVersion = 1;
	classes = {
	};
	objectVersion = 56;
	objects = {

/* Begin PBXBuildFile section */
		052486CB2AF96D66004E1692 /* TextFieldComponent.swift in Sources */ = {isa = PBXBuildFile; fileRef = 052486CA2AF96D66004E1692 /* TextFieldComponent.swift */; };
		052486CD2AF96D8E004E1692 /* DatePickerComponent.swift in Sources */ = {isa = PBXBuildFile; fileRef = 052486CC2AF96D8E004E1692 /* DatePickerComponent.swift */; };
		052486CF2AF96DEE004E1692 /* CreateEventButton.swift in Sources */ = {isa = PBXBuildFile; fileRef = 052486CE2AF96DEE004E1692 /* CreateEventButton.swift */; };
		052486D12AF96E1F004E1692 /* SheetCreateEvent.swift in Sources */ = {isa = PBXBuildFile; fileRef = 052486D02AF96E1F004E1692 /* SheetCreateEvent.swift */; };
		052486D32AF96E41004E1692 /* TitleComponent.swift in Sources */ = {isa = PBXBuildFile; fileRef = 052486D22AF96E41004E1692 /* TitleComponent.swift */; };
		052486D72AF97E52004E1692 /* IconComponent.swift in Sources */ = {isa = PBXBuildFile; fileRef = 052486D62AF97E52004E1692 /* IconComponent.swift */; };
		056F86C42B0291E700CF5334 /* AccessApresentationView.swift in Sources */ = {isa = PBXBuildFile; fileRef = 056F86C32B0291E700CF5334 /* AccessApresentationView.swift */; };
		056F86C62B029C4800CF5334 /* IdentityView.swift in Sources */ = {isa = PBXBuildFile; fileRef = 056F86C52B029C4700CF5334 /* IdentityView.swift */; };
		056F86C82B02BF1E00CF5334 /* JoiningGroupView.swift in Sources */ = {isa = PBXBuildFile; fileRef = 056F86C72B02BF1E00CF5334 /* JoiningGroupView.swift */; };
		05DC71E42AFEC1F800943357 /* ApresentationView.swift in Sources */ = {isa = PBXBuildFile; fileRef = 05DC71E32AFEC1F800943357 /* ApresentationView.swift */; };
		0779996E03AB90C7596C0775 /* (null) in Sources */ = {isa = PBXBuildFile; };
		1010AEBF58686A0BBBC15FAE /* (null) in Sources */ = {isa = PBXBuildFile; };
		4DC01B592AF963F600970B79 /* Header.swift in Sources */ = {isa = PBXBuildFile; fileRef = 4DC01B582AF963F600970B79 /* Header.swift */; };
		4DC01B5D2AF97D8600970B79 /* HomeView.swift in Sources */ = {isa = PBXBuildFile; fileRef = 4DC01B5C2AF97D8600970B79 /* HomeView.swift */; };
		4DC01B5F2AF9866900970B79 /* MemberButton.swift in Sources */ = {isa = PBXBuildFile; fileRef = 4DC01B5E2AF9866900970B79 /* MemberButton.swift */; };
		4DC01B612AFAAAAC00970B79 /* MembersView.swift in Sources */ = {isa = PBXBuildFile; fileRef = 4DC01B602AFAAAAC00970B79 /* MembersView.swift */; };
		6B59004C2AF9656600152BBF /* EventView.swift in Sources */ = {isa = PBXBuildFile; fileRef = 6B59004B2AF9656600152BBF /* EventView.swift */; };
		6B59004E2AF9657A00152BBF /* SegControlComponent.swift in Sources */ = {isa = PBXBuildFile; fileRef = 6B59004D2AF9657A00152BBF /* SegControlComponent.swift */; };
		6B5900522AF97D7B00152BBF /* ScrollViewComponent.swift in Sources */ = {isa = PBXBuildFile; fileRef = 6B5900512AF97D7B00152BBF /* ScrollViewComponent.swift */; };
		6B5900542AFA8A4900152BBF /* TaskSubview.swift in Sources */ = {isa = PBXBuildFile; fileRef = 6B5900532AFA8A4900152BBF /* TaskSubview.swift */; };
		6B5900562AFA8A5400152BBF /* FinanceSubview.swift in Sources */ = {isa = PBXBuildFile; fileRef = 6B5900552AFA8A5400152BBF /* FinanceSubview.swift */; };
		6B59005A2AFA8AC300152BBF /* QuizzesSubview.swift in Sources */ = {isa = PBXBuildFile; fileRef = 6B5900592AFA8AC300152BBF /* QuizzesSubview.swift */; };
		6B59005C2AFAA73100152BBF /* SegmentedControllView.swift in Sources */ = {isa = PBXBuildFile; fileRef = 6B59005B2AFAA73100152BBF /* SegmentedControllView.swift */; };
		6B59005E2AFABC0F00152BBF /* RectangleBoxComponent.swift in Sources */ = {isa = PBXBuildFile; fileRef = 6B59005D2AFABC0F00152BBF /* RectangleBoxComponent.swift */; };
		6B8476162B080371008A3CA2 /* AppStartState.swift in Sources */ = {isa = PBXBuildFile; fileRef = 6B8476152B080371008A3CA2 /* AppStartState.swift */; };
		6B8476182B081DC9008A3CA2 /* AuthenticateNewUserVM.swift in Sources */ = {isa = PBXBuildFile; fileRef = 6B8476172B081DC9008A3CA2 /* AuthenticateNewUserVM.swift */; };
		6B84761A2B0BB4F7008A3CA2 /* HTTPResquestsVM.swift in Sources */ = {isa = PBXBuildFile; fileRef = 6B8476192B0BB4F7008A3CA2 /* HTTPResquestsVM.swift */; };
		6C334954EAA4ECE89A84A521 /* (null) in Sources */ = {isa = PBXBuildFile; };
		99BDFACFE7F9D9C8D69089B9 /* (null) in Sources */ = {isa = PBXBuildFile; };
		D11D6D4A2B1529DE00A3931C /* APIRequestVM.swift in Sources */ = {isa = PBXBuildFile; fileRef = D11D6D492B1529DE00A3931C /* APIRequestVM.swift */; };
		D11D6D4E2B17A6F000A3931C /* NewTaskMember.swift in Sources */ = {isa = PBXBuildFile; fileRef = D11D6D4D2B17A6F000A3931C /* NewTaskMember.swift */; };
		D11D6D502B17B39600A3931C /* AddQuizVote.swift in Sources */ = {isa = PBXBuildFile; fileRef = D11D6D4F2B17B39600A3931C /* AddQuizVote.swift */; };
		D11D6D522B17DB9200A3931C /* Poppins-Regular.ttf in Resources */ = {isa = PBXBuildFile; fileRef = D11D6D512B17DB9200A3931C /* Poppins-Regular.ttf */; };
		D11D6D532B17DB9200A3931C /* Poppins-Regular.ttf in Resources */ = {isa = PBXBuildFile; fileRef = D11D6D512B17DB9200A3931C /* Poppins-Regular.ttf */; };
		D11D6D542B17DB9200A3931C /* Poppins-Regular.ttf in Resources */ = {isa = PBXBuildFile; fileRef = D11D6D512B17DB9200A3931C /* Poppins-Regular.ttf */; };
		D13CB5D22AED6C3C00CFEE02 /* IntegrationAppApp.swift in Sources */ = {isa = PBXBuildFile; fileRef = D13CB5D12AED6C3C00CFEE02 /* IntegrationAppApp.swift */; };
		D13CB5D42AED6C3C00CFEE02 /* ContentView.swift in Sources */ = {isa = PBXBuildFile; fileRef = D13CB5D32AED6C3C00CFEE02 /* ContentView.swift */; };
		D13CB5D62AED6C3D00CFEE02 /* Assets.xcassets in Resources */ = {isa = PBXBuildFile; fileRef = D13CB5D52AED6C3D00CFEE02 /* Assets.xcassets */; };
		D13CB5D92AED6C3D00CFEE02 /* Preview Assets.xcassets in Resources */ = {isa = PBXBuildFile; fileRef = D13CB5D82AED6C3D00CFEE02 /* Preview Assets.xcassets */; };
		D13CB5E32AED6C3D00CFEE02 /* IntegrationAppTests.swift in Sources */ = {isa = PBXBuildFile; fileRef = D13CB5E22AED6C3D00CFEE02 /* IntegrationAppTests.swift */; };
		D13CB5ED2AED6C3E00CFEE02 /* IntegrationAppUITests.swift in Sources */ = {isa = PBXBuildFile; fileRef = D13CB5EC2AED6C3E00CFEE02 /* IntegrationAppUITests.swift */; };
		D13CB5EF2AED6C3E00CFEE02 /* IntegrationAppUITestsLaunchTests.swift in Sources */ = {isa = PBXBuildFile; fileRef = D13CB5EE2AED6C3E00CFEE02 /* IntegrationAppUITestsLaunchTests.swift */; };
		D16252F12AED71E40077D469 /* Formatters.swift in Sources */ = {isa = PBXBuildFile; fileRef = D16252F02AED71E40077D469 /* Formatters.swift */; };
		D170B0172B18CE2000D4CB41 /* Poppins-SemiBold.ttf in Resources */ = {isa = PBXBuildFile; fileRef = D170B0162B18CE2000D4CB41 /* Poppins-SemiBold.ttf */; };
		D170B0182B18CE2000D4CB41 /* Poppins-SemiBold.ttf in Resources */ = {isa = PBXBuildFile; fileRef = D170B0162B18CE2000D4CB41 /* Poppins-SemiBold.ttf */; };
		D170B0192B18CE2000D4CB41 /* Poppins-SemiBold.ttf in Resources */ = {isa = PBXBuildFile; fileRef = D170B0162B18CE2000D4CB41 /* Poppins-SemiBold.ttf */; };
		D170B01B2B1920A000D4CB41 /* DataProcessor.swift in Sources */ = {isa = PBXBuildFile; fileRef = D170B01A2B1920A000D4CB41 /* DataProcessor.swift */; };
		D170B01C2B1920A000D4CB41 /* DataProcessor.swift in Sources */ = {isa = PBXBuildFile; fileRef = D170B01A2B1920A000D4CB41 /* DataProcessor.swift */; };
		D170B01D2B1920A000D4CB41 /* DataProcessor.swift in Sources */ = {isa = PBXBuildFile; fileRef = D170B01A2B1920A000D4CB41 /* DataProcessor.swift */; };
		D170B01F2B1A513700D4CB41 /* NewValidationMember.swift in Sources */ = {isa = PBXBuildFile; fileRef = D170B01E2B1A513700D4CB41 /* NewValidationMember.swift */; };
		D170B0202B1A513700D4CB41 /* NewValidationMember.swift in Sources */ = {isa = PBXBuildFile; fileRef = D170B01E2B1A513700D4CB41 /* NewValidationMember.swift */; };
		D170B0212B1A513700D4CB41 /* NewValidationMember.swift in Sources */ = {isa = PBXBuildFile; fileRef = D170B01E2B1A513700D4CB41 /* NewValidationMember.swift */; };
		D19757F32B0FD36D004C7954 /* GridIconComponent.swift in Sources */ = {isa = PBXBuildFile; fileRef = D19757F22B0FD36D004C7954 /* GridIconComponent.swift */; };
		D19757F52B0FE393004C7954 /* SheetCreateFinance.swift in Sources */ = {isa = PBXBuildFile; fileRef = D19757F42B0FE393004C7954 /* SheetCreateFinance.swift */; };
		D19757F72B110CE0004C7954 /* NumberFieldComponent.swift in Sources */ = {isa = PBXBuildFile; fileRef = D19757F62B110CE0004C7954 /* NumberFieldComponent.swift */; };
		D19758162B1136E1004C7954 /* Login.swift in Sources */ = {isa = PBXBuildFile; fileRef = D19758152B1136E1004C7954 /* Login.swift */; };
		D19758182B1136EF004C7954 /* AllEvents.swift in Sources */ = {isa = PBXBuildFile; fileRef = D19758172B1136EF004C7954 /* AllEvents.swift */; };
		D197581A2B1136FE004C7954 /* Event.swift in Sources */ = {isa = PBXBuildFile; fileRef = D19758192B1136FE004C7954 /* Event.swift */; };
		D197581C2B113709004C7954 /* Wallet.swift in Sources */ = {isa = PBXBuildFile; fileRef = D197581B2B113709004C7954 /* Wallet.swift */; };
		D197581E2B113716004C7954 /* Member.swift in Sources */ = {isa = PBXBuildFile; fileRef = D197581D2B113716004C7954 /* Member.swift */; };
		D19758202B113720004C7954 /* Quiz.swift in Sources */ = {isa = PBXBuildFile; fileRef = D197581F2B113720004C7954 /* Quiz.swift */; };
		D19758222B11372E004C7954 /* Finance.swift in Sources */ = {isa = PBXBuildFile; fileRef = D19758212B11372E004C7954 /* Finance.swift */; };
		D19758242B11373C004C7954 /* EventTask.swift in Sources */ = {isa = PBXBuildFile; fileRef = D19758232B11373C004C7954 /* EventTask.swift */; };
		D19758262B113749004C7954 /* FinanceAnswer.swift in Sources */ = {isa = PBXBuildFile; fileRef = D19758252B113749004C7954 /* FinanceAnswer.swift */; };
		D19758282B113756004C7954 /* QuizAnswer.swift in Sources */ = {isa = PBXBuildFile; fileRef = D19758272B113756004C7954 /* QuizAnswer.swift */; };
		D197582A2B113763004C7954 /* Status.swift in Sources */ = {isa = PBXBuildFile; fileRef = D19758292B113763004C7954 /* Status.swift */; };
		D197582C2B113773004C7954 /* QuizCategory.swift in Sources */ = {isa = PBXBuildFile; fileRef = D197582B2B113773004C7954 /* QuizCategory.swift */; };
		D197582E2B113784004C7954 /* AnswerType.swift in Sources */ = {isa = PBXBuildFile; fileRef = D197582D2B113784004C7954 /* AnswerType.swift */; };
		D19758302B150714004C7954 /* FinanceBlueBoxComponent.swift in Sources */ = {isa = PBXBuildFile; fileRef = D197582F2B150714004C7954 /* FinanceBlueBoxComponent.swift */; };
		D19758322B15100D004C7954 /* ActionBlueBoxButtonComponent.swift in Sources */ = {isa = PBXBuildFile; fileRef = D19758312B15100D004C7954 /* ActionBlueBoxButtonComponent.swift */; };
		D19758342B151ACB004C7954 /* WalletCardComponent.swift in Sources */ = {isa = PBXBuildFile; fileRef = D19758332B151ACB004C7954 /* WalletCardComponent.swift */; };
/* End PBXBuildFile section */

/* Begin PBXContainerItemProxy section */
		D13CB5DF2AED6C3D00CFEE02 /* PBXContainerItemProxy */ = {
			isa = PBXContainerItemProxy;
			containerPortal = D13CB5C62AED6C3C00CFEE02 /* Project object */;
			proxyType = 1;
			remoteGlobalIDString = D13CB5CD2AED6C3C00CFEE02;
			remoteInfo = IntegrationApp;
		};
		D13CB5E92AED6C3E00CFEE02 /* PBXContainerItemProxy */ = {
			isa = PBXContainerItemProxy;
			containerPortal = D13CB5C62AED6C3C00CFEE02 /* Project object */;
			proxyType = 1;
			remoteGlobalIDString = D13CB5CD2AED6C3C00CFEE02;
			remoteInfo = IntegrationApp;
		};
/* End PBXContainerItemProxy section */

/* Begin PBXFileReference section */
		052486CA2AF96D66004E1692 /* TextFieldComponent.swift */ = {isa = PBXFileReference; lastKnownFileType = sourcecode.swift; path = TextFieldComponent.swift; sourceTree = "<group>"; };
		052486CC2AF96D8E004E1692 /* DatePickerComponent.swift */ = {isa = PBXFileReference; lastKnownFileType = sourcecode.swift; path = DatePickerComponent.swift; sourceTree = "<group>"; };
		052486CE2AF96DEE004E1692 /* CreateEventButton.swift */ = {isa = PBXFileReference; lastKnownFileType = sourcecode.swift; path = CreateEventButton.swift; sourceTree = "<group>"; };
		052486D02AF96E1F004E1692 /* SheetCreateEvent.swift */ = {isa = PBXFileReference; lastKnownFileType = sourcecode.swift; path = SheetCreateEvent.swift; sourceTree = "<group>"; };
		052486D22AF96E41004E1692 /* TitleComponent.swift */ = {isa = PBXFileReference; lastKnownFileType = sourcecode.swift; path = TitleComponent.swift; sourceTree = "<group>"; };
		052486D62AF97E52004E1692 /* IconComponent.swift */ = {isa = PBXFileReference; lastKnownFileType = sourcecode.swift; path = IconComponent.swift; sourceTree = "<group>"; };
		056F86C32B0291E700CF5334 /* AccessApresentationView.swift */ = {isa = PBXFileReference; lastKnownFileType = sourcecode.swift; path = AccessApresentationView.swift; sourceTree = "<group>"; };
		056F86C52B029C4700CF5334 /* IdentityView.swift */ = {isa = PBXFileReference; lastKnownFileType = sourcecode.swift; path = IdentityView.swift; sourceTree = "<group>"; };
		056F86C72B02BF1E00CF5334 /* JoiningGroupView.swift */ = {isa = PBXFileReference; lastKnownFileType = sourcecode.swift; path = JoiningGroupView.swift; sourceTree = "<group>"; };
		05DC71E32AFEC1F800943357 /* ApresentationView.swift */ = {isa = PBXFileReference; lastKnownFileType = sourcecode.swift; path = ApresentationView.swift; sourceTree = "<group>"; };
		4DC01B582AF963F600970B79 /* Header.swift */ = {isa = PBXFileReference; lastKnownFileType = sourcecode.swift; path = Header.swift; sourceTree = "<group>"; };
		4DC01B5C2AF97D8600970B79 /* HomeView.swift */ = {isa = PBXFileReference; lastKnownFileType = sourcecode.swift; path = HomeView.swift; sourceTree = "<group>"; };
		4DC01B5E2AF9866900970B79 /* MemberButton.swift */ = {isa = PBXFileReference; lastKnownFileType = sourcecode.swift; path = MemberButton.swift; sourceTree = "<group>"; };
		4DC01B602AFAAAAC00970B79 /* MembersView.swift */ = {isa = PBXFileReference; lastKnownFileType = sourcecode.swift; path = MembersView.swift; sourceTree = "<group>"; };
		6B59004B2AF9656600152BBF /* EventView.swift */ = {isa = PBXFileReference; lastKnownFileType = sourcecode.swift; path = EventView.swift; sourceTree = "<group>"; };
		6B59004D2AF9657A00152BBF /* SegControlComponent.swift */ = {isa = PBXFileReference; lastKnownFileType = sourcecode.swift; path = SegControlComponent.swift; sourceTree = "<group>"; };
		6B5900512AF97D7B00152BBF /* ScrollViewComponent.swift */ = {isa = PBXFileReference; lastKnownFileType = sourcecode.swift; path = ScrollViewComponent.swift; sourceTree = "<group>"; };
		6B5900532AFA8A4900152BBF /* TaskSubview.swift */ = {isa = PBXFileReference; lastKnownFileType = sourcecode.swift; path = TaskSubview.swift; sourceTree = "<group>"; };
		6B5900552AFA8A5400152BBF /* FinanceSubview.swift */ = {isa = PBXFileReference; lastKnownFileType = sourcecode.swift; path = FinanceSubview.swift; sourceTree = "<group>"; };
		6B5900592AFA8AC300152BBF /* QuizzesSubview.swift */ = {isa = PBXFileReference; lastKnownFileType = sourcecode.swift; path = QuizzesSubview.swift; sourceTree = "<group>"; };
		6B59005B2AFAA73100152BBF /* SegmentedControllView.swift */ = {isa = PBXFileReference; lastKnownFileType = sourcecode.swift; path = SegmentedControllView.swift; sourceTree = "<group>"; };
		6B59005D2AFABC0F00152BBF /* RectangleBoxComponent.swift */ = {isa = PBXFileReference; lastKnownFileType = sourcecode.swift; path = RectangleBoxComponent.swift; sourceTree = "<group>"; };
		6B8476152B080371008A3CA2 /* AppStartState.swift */ = {isa = PBXFileReference; lastKnownFileType = sourcecode.swift; path = AppStartState.swift; sourceTree = "<group>"; };
		6B8476172B081DC9008A3CA2 /* AuthenticateNewUserVM.swift */ = {isa = PBXFileReference; lastKnownFileType = sourcecode.swift; path = AuthenticateNewUserVM.swift; sourceTree = "<group>"; };
		6B8476192B0BB4F7008A3CA2 /* HTTPResquestsVM.swift */ = {isa = PBXFileReference; lastKnownFileType = sourcecode.swift; path = HTTPResquestsVM.swift; sourceTree = "<group>"; };
		D11D6D492B1529DE00A3931C /* APIRequestVM.swift */ = {isa = PBXFileReference; lastKnownFileType = sourcecode.swift; path = APIRequestVM.swift; sourceTree = "<group>"; };
		D11D6D4D2B17A6F000A3931C /* NewTaskMember.swift */ = {isa = PBXFileReference; lastKnownFileType = sourcecode.swift; path = NewTaskMember.swift; sourceTree = "<group>"; };
		D11D6D4F2B17B39600A3931C /* AddQuizVote.swift */ = {isa = PBXFileReference; lastKnownFileType = sourcecode.swift; path = AddQuizVote.swift; sourceTree = "<group>"; };
		D11D6D512B17DB9200A3931C /* Poppins-Regular.ttf */ = {isa = PBXFileReference; lastKnownFileType = file; path = "Poppins-Regular.ttf"; sourceTree = "<group>"; };
		D11D6D552B17DBAE00A3931C /* Info.plist */ = {isa = PBXFileReference; lastKnownFileType = text.plist; path = Info.plist; sourceTree = "<group>"; };
		D13CB5CE2AED6C3C00CFEE02 /* IntegrationApp.app */ = {isa = PBXFileReference; explicitFileType = wrapper.application; includeInIndex = 0; path = IntegrationApp.app; sourceTree = BUILT_PRODUCTS_DIR; };
		D13CB5D12AED6C3C00CFEE02 /* IntegrationAppApp.swift */ = {isa = PBXFileReference; lastKnownFileType = sourcecode.swift; path = IntegrationAppApp.swift; sourceTree = "<group>"; };
		D13CB5D32AED6C3C00CFEE02 /* ContentView.swift */ = {isa = PBXFileReference; lastKnownFileType = sourcecode.swift; path = ContentView.swift; sourceTree = "<group>"; };
		D13CB5D52AED6C3D00CFEE02 /* Assets.xcassets */ = {isa = PBXFileReference; lastKnownFileType = folder.assetcatalog; path = Assets.xcassets; sourceTree = "<group>"; };
		D13CB5D82AED6C3D00CFEE02 /* Preview Assets.xcassets */ = {isa = PBXFileReference; lastKnownFileType = folder.assetcatalog; path = "Preview Assets.xcassets"; sourceTree = "<group>"; };
		D13CB5DE2AED6C3D00CFEE02 /* IntegrationAppTests.xctest */ = {isa = PBXFileReference; explicitFileType = wrapper.cfbundle; includeInIndex = 0; path = IntegrationAppTests.xctest; sourceTree = BUILT_PRODUCTS_DIR; };
		D13CB5E22AED6C3D00CFEE02 /* IntegrationAppTests.swift */ = {isa = PBXFileReference; lastKnownFileType = sourcecode.swift; path = IntegrationAppTests.swift; sourceTree = "<group>"; };
		D13CB5E82AED6C3E00CFEE02 /* IntegrationAppUITests.xctest */ = {isa = PBXFileReference; explicitFileType = wrapper.cfbundle; includeInIndex = 0; path = IntegrationAppUITests.xctest; sourceTree = BUILT_PRODUCTS_DIR; };
		D13CB5EC2AED6C3E00CFEE02 /* IntegrationAppUITests.swift */ = {isa = PBXFileReference; lastKnownFileType = sourcecode.swift; path = IntegrationAppUITests.swift; sourceTree = "<group>"; };
		D13CB5EE2AED6C3E00CFEE02 /* IntegrationAppUITestsLaunchTests.swift */ = {isa = PBXFileReference; lastKnownFileType = sourcecode.swift; path = IntegrationAppUITestsLaunchTests.swift; sourceTree = "<group>"; };
		D16252F02AED71E40077D469 /* Formatters.swift */ = {isa = PBXFileReference; lastKnownFileType = sourcecode.swift; path = Formatters.swift; sourceTree = "<group>"; };
		D170B0162B18CE2000D4CB41 /* Poppins-SemiBold.ttf */ = {isa = PBXFileReference; lastKnownFileType = file; path = "Poppins-SemiBold.ttf"; sourceTree = "<group>"; };
		D170B01A2B1920A000D4CB41 /* DataProcessor.swift */ = {isa = PBXFileReference; lastKnownFileType = sourcecode.swift; path = DataProcessor.swift; sourceTree = "<group>"; };
		D170B01E2B1A513700D4CB41 /* NewValidationMember.swift */ = {isa = PBXFileReference; lastKnownFileType = sourcecode.swift; path = NewValidationMember.swift; sourceTree = "<group>"; };
		D19757F22B0FD36D004C7954 /* GridIconComponent.swift */ = {isa = PBXFileReference; lastKnownFileType = sourcecode.swift; path = GridIconComponent.swift; sourceTree = "<group>"; };
		D19757F42B0FE393004C7954 /* SheetCreateFinance.swift */ = {isa = PBXFileReference; lastKnownFileType = sourcecode.swift; path = SheetCreateFinance.swift; sourceTree = "<group>"; };
		D19757F62B110CE0004C7954 /* NumberFieldComponent.swift */ = {isa = PBXFileReference; lastKnownFileType = sourcecode.swift; path = NumberFieldComponent.swift; sourceTree = "<group>"; };
		D19758152B1136E1004C7954 /* Login.swift */ = {isa = PBXFileReference; lastKnownFileType = sourcecode.swift; path = Login.swift; sourceTree = "<group>"; };
		D19758172B1136EF004C7954 /* AllEvents.swift */ = {isa = PBXFileReference; lastKnownFileType = sourcecode.swift; path = AllEvents.swift; sourceTree = "<group>"; };
		D19758192B1136FE004C7954 /* Event.swift */ = {isa = PBXFileReference; lastKnownFileType = sourcecode.swift; path = Event.swift; sourceTree = "<group>"; };
		D197581B2B113709004C7954 /* Wallet.swift */ = {isa = PBXFileReference; lastKnownFileType = sourcecode.swift; path = Wallet.swift; sourceTree = "<group>"; };
		D197581D2B113716004C7954 /* Member.swift */ = {isa = PBXFileReference; lastKnownFileType = sourcecode.swift; path = Member.swift; sourceTree = "<group>"; };
		D197581F2B113720004C7954 /* Quiz.swift */ = {isa = PBXFileReference; lastKnownFileType = sourcecode.swift; path = Quiz.swift; sourceTree = "<group>"; };
		D19758212B11372E004C7954 /* Finance.swift */ = {isa = PBXFileReference; lastKnownFileType = sourcecode.swift; path = Finance.swift; sourceTree = "<group>"; };
		D19758232B11373C004C7954 /* EventTask.swift */ = {isa = PBXFileReference; lastKnownFileType = sourcecode.swift; path = EventTask.swift; sourceTree = "<group>"; };
		D19758252B113749004C7954 /* FinanceAnswer.swift */ = {isa = PBXFileReference; lastKnownFileType = sourcecode.swift; path = FinanceAnswer.swift; sourceTree = "<group>"; };
		D19758272B113756004C7954 /* QuizAnswer.swift */ = {isa = PBXFileReference; lastKnownFileType = sourcecode.swift; path = QuizAnswer.swift; sourceTree = "<group>"; };
		D19758292B113763004C7954 /* Status.swift */ = {isa = PBXFileReference; lastKnownFileType = sourcecode.swift; path = Status.swift; sourceTree = "<group>"; };
		D197582B2B113773004C7954 /* QuizCategory.swift */ = {isa = PBXFileReference; lastKnownFileType = sourcecode.swift; path = QuizCategory.swift; sourceTree = "<group>"; };
		D197582D2B113784004C7954 /* AnswerType.swift */ = {isa = PBXFileReference; lastKnownFileType = sourcecode.swift; path = AnswerType.swift; sourceTree = "<group>"; };
		D197582F2B150714004C7954 /* FinanceBlueBoxComponent.swift */ = {isa = PBXFileReference; lastKnownFileType = sourcecode.swift; path = FinanceBlueBoxComponent.swift; sourceTree = "<group>"; };
		D19758312B15100D004C7954 /* ActionBlueBoxButtonComponent.swift */ = {isa = PBXFileReference; lastKnownFileType = sourcecode.swift; path = ActionBlueBoxButtonComponent.swift; sourceTree = "<group>"; };
		D19758332B151ACB004C7954 /* WalletCardComponent.swift */ = {isa = PBXFileReference; lastKnownFileType = sourcecode.swift; path = WalletCardComponent.swift; sourceTree = "<group>"; };
/* End PBXFileReference section */

/* Begin PBXFrameworksBuildPhase section */
		D13CB5CB2AED6C3C00CFEE02 /* Frameworks */ = {
			isa = PBXFrameworksBuildPhase;
			buildActionMask = 2147483647;
			files = (
			);
			runOnlyForDeploymentPostprocessing = 0;
		};
		D13CB5DB2AED6C3D00CFEE02 /* Frameworks */ = {
			isa = PBXFrameworksBuildPhase;
			buildActionMask = 2147483647;
			files = (
			);
			runOnlyForDeploymentPostprocessing = 0;
		};
		D13CB5E52AED6C3E00CFEE02 /* Frameworks */ = {
			isa = PBXFrameworksBuildPhase;
			buildActionMask = 2147483647;
			files = (
			);
			runOnlyForDeploymentPostprocessing = 0;
		};
/* End PBXFrameworksBuildPhase section */

/* Begin PBXGroup section */
		6B8476142B080358008A3CA2 /* ViewStates */ = {
			isa = PBXGroup;
			children = (
				6B8476152B080371008A3CA2 /* AppStartState.swift */,
			);
			path = ViewStates;
			sourceTree = "<group>";
		};
		D11D6D562B17DC8600A3931C /* fonts */ = {
			isa = PBXGroup;
			children = (
				D170B0162B18CE2000D4CB41 /* Poppins-SemiBold.ttf */,
				D11D6D512B17DB9200A3931C /* Poppins-Regular.ttf */,
			);
			path = fonts;
			sourceTree = "<group>";
		};
		D13CB5C52AED6C3C00CFEE02 = {
			isa = PBXGroup;
			children = (
				D13CB5D02AED6C3C00CFEE02 /* IntegrationApp */,
				D13CB5E12AED6C3D00CFEE02 /* IntegrationAppTests */,
				D13CB5EB2AED6C3E00CFEE02 /* IntegrationAppUITests */,
				D13CB5CF2AED6C3C00CFEE02 /* Products */,
			);
			sourceTree = "<group>";
		};
		D13CB5CF2AED6C3C00CFEE02 /* Products */ = {
			isa = PBXGroup;
			children = (
				D13CB5CE2AED6C3C00CFEE02 /* IntegrationApp.app */,
				D13CB5DE2AED6C3D00CFEE02 /* IntegrationAppTests.xctest */,
				D13CB5E82AED6C3E00CFEE02 /* IntegrationAppUITests.xctest */,
			);
			name = Products;
			sourceTree = "<group>";
		};
		D13CB5D02AED6C3C00CFEE02 /* IntegrationApp */ = {
			isa = PBXGroup;
			children = (
				D11D6D562B17DC8600A3931C /* fonts */,
				D11D6D552B17DBAE00A3931C /* Info.plist */,
				D13CB5D12AED6C3C00CFEE02 /* IntegrationAppApp.swift */,
				D13CB5D32AED6C3C00CFEE02 /* ContentView.swift */,
				D19758142B113680004C7954 /* Model */,
				6B8476142B080358008A3CA2 /* ViewStates */,
				D16252EF2AED71BB0077D469 /* Modifiers */,
				D1B6EBEF2AFC20BF0079B309 /* Views */,
				D1B6EBEE2AFC20B30079B309 /* ViewModel */,
				4DC01B582AF963F600970B79 /* Header.swift */,
				4DC01B5C2AF97D8600970B79 /* HomeView.swift */,
				4DC01B602AFAAAAC00970B79 /* MembersView.swift */,
				4DC01B5E2AF9866900970B79 /* MemberButton.swift */,
				D13CB5D52AED6C3D00CFEE02 /* Assets.xcassets */,
				D13CB5D72AED6C3D00CFEE02 /* Preview Content */,
			);
			path = IntegrationApp;
			sourceTree = "<group>";
		};
		D13CB5D72AED6C3D00CFEE02 /* Preview Content */ = {
			isa = PBXGroup;
			children = (
				D13CB5D82AED6C3D00CFEE02 /* Preview Assets.xcassets */,
			);
			path = "Preview Content";
			sourceTree = "<group>";
		};
		D13CB5E12AED6C3D00CFEE02 /* IntegrationAppTests */ = {
			isa = PBXGroup;
			children = (
				D13CB5E22AED6C3D00CFEE02 /* IntegrationAppTests.swift */,
			);
			path = IntegrationAppTests;
			sourceTree = "<group>";
		};
		D13CB5EB2AED6C3E00CFEE02 /* IntegrationAppUITests */ = {
			isa = PBXGroup;
			children = (
				D13CB5EC2AED6C3E00CFEE02 /* IntegrationAppUITests.swift */,
				D13CB5EE2AED6C3E00CFEE02 /* IntegrationAppUITestsLaunchTests.swift */,
			);
			path = IntegrationAppUITests;
			sourceTree = "<group>";
		};
		D16252EF2AED71BB0077D469 /* Modifiers */ = {
			isa = PBXGroup;
			children = (
				D16252F02AED71E40077D469 /* Formatters.swift */,
				D170B01A2B1920A000D4CB41 /* DataProcessor.swift */,
			);
			path = Modifiers;
			sourceTree = "<group>";
		};
		D19758142B113680004C7954 /* Model */ = {
			isa = PBXGroup;
			children = (
				D197581D2B113716004C7954 /* Member.swift */,
				D197581F2B113720004C7954 /* Quiz.swift */,
				D19758212B11372E004C7954 /* Finance.swift */,
				D19758232B11373C004C7954 /* EventTask.swift */,
				D19758252B113749004C7954 /* FinanceAnswer.swift */,
				D19758272B113756004C7954 /* QuizAnswer.swift */,
				D19758292B113763004C7954 /* Status.swift */,
				D197582B2B113773004C7954 /* QuizCategory.swift */,
				D197582D2B113784004C7954 /* AnswerType.swift */,
				D19758152B1136E1004C7954 /* Login.swift */,
				D19758172B1136EF004C7954 /* AllEvents.swift */,
				D19758192B1136FE004C7954 /* Event.swift */,
				D197581B2B113709004C7954 /* Wallet.swift */,
				D11D6D4D2B17A6F000A3931C /* NewTaskMember.swift */,
				D11D6D4F2B17B39600A3931C /* AddQuizVote.swift */,
				D170B01E2B1A513700D4CB41 /* NewValidationMember.swift */,
			);
			path = Model;
			sourceTree = "<group>";
		};
		D1B6EBEE2AFC20B30079B309 /* ViewModel */ = {
			isa = PBXGroup;
			children = (
				6B8476172B081DC9008A3CA2 /* AuthenticateNewUserVM.swift */,
				6B8476192B0BB4F7008A3CA2 /* HTTPResquestsVM.swift */,
				D11D6D492B1529DE00A3931C /* APIRequestVM.swift */,
			);
			path = ViewModel;
			sourceTree = "<group>";
		};
		D1B6EBEF2AFC20BF0079B309 /* Views */ = {
			isa = PBXGroup;
			children = (
				D1B6EBF62AFC235C0079B309 /* SubViews */,
				D1B6EBF12AFC21650079B309 /* SheetsViews */,
				6B59004B2AF9656600152BBF /* EventView.swift */,
				05DC71E32AFEC1F800943357 /* ApresentationView.swift */,
				056F86C32B0291E700CF5334 /* AccessApresentationView.swift */,
				056F86C52B029C4700CF5334 /* IdentityView.swift */,
				056F86C72B02BF1E00CF5334 /* JoiningGroupView.swift */,
				D1B6EBF02AFC20C70079B309 /* Components */,
			);
			path = Views;
			sourceTree = "<group>";
		};
		D1B6EBF02AFC20C70079B309 /* Components */ = {
			isa = PBXGroup;
			children = (
				D1B6EBF52AFC22DA0079B309 /* Buttons */,
				D1B6EBF42AFC22A80079B309 /* BlueBox */,
				D1B6EBF32AFC22640079B309 /* SegmentedView */,
				D1B6EBF22AFC22540079B309 /* Texts */,
				052486CC2AF96D8E004E1692 /* DatePickerComponent.swift */,
				D19757F22B0FD36D004C7954 /* GridIconComponent.swift */,
			);
			path = Components;
			sourceTree = "<group>";
		};
		D1B6EBF12AFC21650079B309 /* SheetsViews */ = {
			isa = PBXGroup;
			children = (
				052486D02AF96E1F004E1692 /* SheetCreateEvent.swift */,
				D19757F42B0FE393004C7954 /* SheetCreateFinance.swift */,
			);
			path = SheetsViews;
			sourceTree = "<group>";
		};
		D1B6EBF22AFC22540079B309 /* Texts */ = {
			isa = PBXGroup;
			children = (
				052486CA2AF96D66004E1692 /* TextFieldComponent.swift */,
				052486D22AF96E41004E1692 /* TitleComponent.swift */,
				D19757F62B110CE0004C7954 /* NumberFieldComponent.swift */,
			);
			path = Texts;
			sourceTree = "<group>";
		};
		D1B6EBF32AFC22640079B309 /* SegmentedView */ = {
			isa = PBXGroup;
			children = (
				6B5900512AF97D7B00152BBF /* ScrollViewComponent.swift */,
				6B59005B2AFAA73100152BBF /* SegmentedControllView.swift */,
				6B59004D2AF9657A00152BBF /* SegControlComponent.swift */,
			);
			path = SegmentedView;
			sourceTree = "<group>";
		};
		D1B6EBF42AFC22A80079B309 /* BlueBox */ = {
			isa = PBXGroup;
			children = (
				6B59005D2AFABC0F00152BBF /* RectangleBoxComponent.swift */,
				D197582F2B150714004C7954 /* FinanceBlueBoxComponent.swift */,
				D19758312B15100D004C7954 /* ActionBlueBoxButtonComponent.swift */,
				D19758332B151ACB004C7954 /* WalletCardComponent.swift */,
			);
			path = BlueBox;
			sourceTree = "<group>";
		};
		D1B6EBF52AFC22DA0079B309 /* Buttons */ = {
			isa = PBXGroup;
			children = (
				052486CE2AF96DEE004E1692 /* CreateEventButton.swift */,
				052486D62AF97E52004E1692 /* IconComponent.swift */,
			);
			path = Buttons;
			sourceTree = "<group>";
		};
		D1B6EBF62AFC235C0079B309 /* SubViews */ = {
			isa = PBXGroup;
			children = (
				6B5900552AFA8A5400152BBF /* FinanceSubview.swift */,
				6B5900592AFA8AC300152BBF /* QuizzesSubview.swift */,
				6B5900532AFA8A4900152BBF /* TaskSubview.swift */,
			);
			path = SubViews;
			sourceTree = "<group>";
		};
/* End PBXGroup section */

/* Begin PBXNativeTarget section */
		D13CB5CD2AED6C3C00CFEE02 /* IntegrationApp */ = {
			isa = PBXNativeTarget;
			buildConfigurationList = D13CB5F22AED6C3E00CFEE02 /* Build configuration list for PBXNativeTarget "IntegrationApp" */;
			buildPhases = (
				D13CB5CA2AED6C3C00CFEE02 /* Sources */,
				D13CB5CB2AED6C3C00CFEE02 /* Frameworks */,
				D13CB5CC2AED6C3C00CFEE02 /* Resources */,
			);
			buildRules = (
			);
			dependencies = (
			);
			name = IntegrationApp;
			packageProductDependencies = (
			);
			productName = IntegrationApp;
			productReference = D13CB5CE2AED6C3C00CFEE02 /* IntegrationApp.app */;
			productType = "com.apple.product-type.application";
		};
		D13CB5DD2AED6C3D00CFEE02 /* IntegrationAppTests */ = {
			isa = PBXNativeTarget;
			buildConfigurationList = D13CB5F52AED6C3E00CFEE02 /* Build configuration list for PBXNativeTarget "IntegrationAppTests" */;
			buildPhases = (
				D13CB5DA2AED6C3D00CFEE02 /* Sources */,
				D13CB5DB2AED6C3D00CFEE02 /* Frameworks */,
				D13CB5DC2AED6C3D00CFEE02 /* Resources */,
			);
			buildRules = (
			);
			dependencies = (
				D13CB5E02AED6C3D00CFEE02 /* PBXTargetDependency */,
			);
			name = IntegrationAppTests;
			productName = IntegrationAppTests;
			productReference = D13CB5DE2AED6C3D00CFEE02 /* IntegrationAppTests.xctest */;
			productType = "com.apple.product-type.bundle.unit-test";
		};
		D13CB5E72AED6C3E00CFEE02 /* IntegrationAppUITests */ = {
			isa = PBXNativeTarget;
			buildConfigurationList = D13CB5F82AED6C3E00CFEE02 /* Build configuration list for PBXNativeTarget "IntegrationAppUITests" */;
			buildPhases = (
				D13CB5E42AED6C3E00CFEE02 /* Sources */,
				D13CB5E52AED6C3E00CFEE02 /* Frameworks */,
				D13CB5E62AED6C3E00CFEE02 /* Resources */,
			);
			buildRules = (
			);
			dependencies = (
				D13CB5EA2AED6C3E00CFEE02 /* PBXTargetDependency */,
			);
			name = IntegrationAppUITests;
			productName = IntegrationAppUITests;
			productReference = D13CB5E82AED6C3E00CFEE02 /* IntegrationAppUITests.xctest */;
			productType = "com.apple.product-type.bundle.ui-testing";
		};
/* End PBXNativeTarget section */

/* Begin PBXProject section */
		D13CB5C62AED6C3C00CFEE02 /* Project object */ = {
			isa = PBXProject;
			attributes = {
				BuildIndependentTargetsInParallel = 1;
				LastSwiftUpdateCheck = 1500;
				LastUpgradeCheck = 1500;
				TargetAttributes = {
					D13CB5CD2AED6C3C00CFEE02 = {
						CreatedOnToolsVersion = 15.0;
					};
					D13CB5DD2AED6C3D00CFEE02 = {
						CreatedOnToolsVersion = 15.0;
						TestTargetID = D13CB5CD2AED6C3C00CFEE02;
					};
					D13CB5E72AED6C3E00CFEE02 = {
						CreatedOnToolsVersion = 15.0;
						TestTargetID = D13CB5CD2AED6C3C00CFEE02;
					};
				};
			};
			buildConfigurationList = D13CB5C92AED6C3C00CFEE02 /* Build configuration list for PBXProject "IntegrationApp" */;
			compatibilityVersion = "Xcode 14.0";
			developmentRegion = en;
			hasScannedForEncodings = 0;
			knownRegions = (
				en,
				Base,
			);
			mainGroup = D13CB5C52AED6C3C00CFEE02;
			packageReferences = (
			);
			productRefGroup = D13CB5CF2AED6C3C00CFEE02 /* Products */;
			projectDirPath = "";
			projectRoot = "";
			targets = (
				D13CB5CD2AED6C3C00CFEE02 /* IntegrationApp */,
				D13CB5DD2AED6C3D00CFEE02 /* IntegrationAppTests */,
				D13CB5E72AED6C3E00CFEE02 /* IntegrationAppUITests */,
			);
		};
/* End PBXProject section */

/* Begin PBXResourcesBuildPhase section */
		D13CB5CC2AED6C3C00CFEE02 /* Resources */ = {
			isa = PBXResourcesBuildPhase;
			buildActionMask = 2147483647;
			files = (
				D11D6D522B17DB9200A3931C /* Poppins-Regular.ttf in Resources */,
				D170B0172B18CE2000D4CB41 /* Poppins-SemiBold.ttf in Resources */,
				D13CB5D92AED6C3D00CFEE02 /* Preview Assets.xcassets in Resources */,
				D13CB5D62AED6C3D00CFEE02 /* Assets.xcassets in Resources */,
			);
			runOnlyForDeploymentPostprocessing = 0;
		};
		D13CB5DC2AED6C3D00CFEE02 /* Resources */ = {
			isa = PBXResourcesBuildPhase;
			buildActionMask = 2147483647;
			files = (
				D11D6D532B17DB9200A3931C /* Poppins-Regular.ttf in Resources */,
				D170B0182B18CE2000D4CB41 /* Poppins-SemiBold.ttf in Resources */,
			);
			runOnlyForDeploymentPostprocessing = 0;
		};
		D13CB5E62AED6C3E00CFEE02 /* Resources */ = {
			isa = PBXResourcesBuildPhase;
			buildActionMask = 2147483647;
			files = (
				D11D6D542B17DB9200A3931C /* Poppins-Regular.ttf in Resources */,
				D170B0192B18CE2000D4CB41 /* Poppins-SemiBold.ttf in Resources */,
			);
			runOnlyForDeploymentPostprocessing = 0;
		};
/* End PBXResourcesBuildPhase section */

/* Begin PBXSourcesBuildPhase section */
		D13CB5CA2AED6C3C00CFEE02 /* Sources */ = {
			isa = PBXSourcesBuildPhase;
			buildActionMask = 2147483647;
			files = (
				D197581C2B113709004C7954 /* Wallet.swift in Sources */,
				6B5900562AFA8A5400152BBF /* FinanceSubview.swift in Sources */,
				D19758262B113749004C7954 /* FinanceAnswer.swift in Sources */,
				6B8476182B081DC9008A3CA2 /* AuthenticateNewUserVM.swift in Sources */,
				056F86C62B029C4800CF5334 /* IdentityView.swift in Sources */,
				D19758222B11372E004C7954 /* Finance.swift in Sources */,
				D13CB5D42AED6C3C00CFEE02 /* ContentView.swift in Sources */,
				6B59005C2AFAA73100152BBF /* SegmentedControllView.swift in Sources */,
				056F86C82B02BF1E00CF5334 /* JoiningGroupView.swift in Sources */,
				D197581A2B1136FE004C7954 /* Event.swift in Sources */,
				D13CB5D22AED6C3C00CFEE02 /* IntegrationAppApp.swift in Sources */,
				D16252F12AED71E40077D469 /* Formatters.swift in Sources */,
				056F86C42B0291E700CF5334 /* AccessApresentationView.swift in Sources */,
				D197582E2B113784004C7954 /* AnswerType.swift in Sources */,
				D19758342B151ACB004C7954 /* WalletCardComponent.swift in Sources */,
				6B5900522AF97D7B00152BBF /* ScrollViewComponent.swift in Sources */,
				05DC71E42AFEC1F800943357 /* ApresentationView.swift in Sources */,
				6B5900542AFA8A4900152BBF /* TaskSubview.swift in Sources */,
				D197582C2B113773004C7954 /* QuizCategory.swift in Sources */,
				052486D72AF97E52004E1692 /* IconComponent.swift in Sources */,
				D197582A2B113763004C7954 /* Status.swift in Sources */,
				6B8476162B080371008A3CA2 /* AppStartState.swift in Sources */,
				6B59005A2AFA8AC300152BBF /* QuizzesSubview.swift in Sources */,
				D19758242B11373C004C7954 /* EventTask.swift in Sources */,
				D19758162B1136E1004C7954 /* Login.swift in Sources */,
				6B59004C2AF9656600152BBF /* EventView.swift in Sources */,
				052486CF2AF96DEE004E1692 /* CreateEventButton.swift in Sources */,
				052486CD2AF96D8E004E1692 /* DatePickerComponent.swift in Sources */,
				D11D6D502B17B39600A3931C /* AddQuizVote.swift in Sources */,
				D19757F32B0FD36D004C7954 /* GridIconComponent.swift in Sources */,
				052486D12AF96E1F004E1692 /* SheetCreateEvent.swift in Sources */,
				D19758182B1136EF004C7954 /* AllEvents.swift in Sources */,
				052486D32AF96E41004E1692 /* TitleComponent.swift in Sources */,
				6B59004E2AF9657A00152BBF /* SegControlComponent.swift in Sources */,
				6B59005E2AFABC0F00152BBF /* RectangleBoxComponent.swift in Sources */,
				052486CB2AF96D66004E1692 /* TextFieldComponent.swift in Sources */,
				6B84761A2B0BB4F7008A3CA2 /* HTTPResquestsVM.swift in Sources */,
				4DC01B5D2AF97D8600970B79 /* HomeView.swift in Sources */,
				D170B01B2B1920A000D4CB41 /* DataProcessor.swift in Sources */,
				4DC01B5F2AF9866900970B79 /* MemberButton.swift in Sources */,
				D11D6D4A2B1529DE00A3931C /* APIRequestVM.swift in Sources */,
				D19758282B113756004C7954 /* QuizAnswer.swift in Sources */,
				99BDFACFE7F9D9C8D69089B9 /* (null) in Sources */,
				0779996E03AB90C7596C0775 /* (null) in Sources */,
				4DC01B592AF963F600970B79 /* Header.swift in Sources */,
				D19758322B15100D004C7954 /* ActionBlueBoxButtonComponent.swift in Sources */,
				D19757F52B0FE393004C7954 /* SheetCreateFinance.swift in Sources */,
				D19758202B113720004C7954 /* Quiz.swift in Sources */,
				D19758302B150714004C7954 /* FinanceBlueBoxComponent.swift in Sources */,
				D170B01F2B1A513700D4CB41 /* NewValidationMember.swift in Sources */,
				D19757F72B110CE0004C7954 /* NumberFieldComponent.swift in Sources */,
				6C334954EAA4ECE89A84A521 /* (null) in Sources */,
				4DC01B612AFAAAAC00970B79 /* MembersView.swift in Sources */,
				1010AEBF58686A0BBBC15FAE /* (null) in Sources */,
				D11D6D4E2B17A6F000A3931C /* NewTaskMember.swift in Sources */,
				D197581E2B113716004C7954 /* Member.swift in Sources */,
			);
			runOnlyForDeploymentPostprocessing = 0;
		};
		D13CB5DA2AED6C3D00CFEE02 /* Sources */ = {
			isa = PBXSourcesBuildPhase;
			buildActionMask = 2147483647;
			files = (
				D170B01C2B1920A000D4CB41 /* DataProcessor.swift in Sources */,
				D170B0202B1A513700D4CB41 /* NewValidationMember.swift in Sources */,
				D13CB5E32AED6C3D00CFEE02 /* IntegrationAppTests.swift in Sources */,
			);
			runOnlyForDeploymentPostprocessing = 0;
		};
		D13CB5E42AED6C3E00CFEE02 /* Sources */ = {
			isa = PBXSourcesBuildPhase;
			buildActionMask = 2147483647;
			files = (
				D13CB5ED2AED6C3E00CFEE02 /* IntegrationAppUITests.swift in Sources */,
				D170B0212B1A513700D4CB41 /* NewValidationMember.swift in Sources */,
				D13CB5EF2AED6C3E00CFEE02 /* IntegrationAppUITestsLaunchTests.swift in Sources */,
				D170B01D2B1920A000D4CB41 /* DataProcessor.swift in Sources */,
			);
			runOnlyForDeploymentPostprocessing = 0;
		};
/* End PBXSourcesBuildPhase section */

/* Begin PBXTargetDependency section */
		D13CB5E02AED6C3D00CFEE02 /* PBXTargetDependency */ = {
			isa = PBXTargetDependency;
			target = D13CB5CD2AED6C3C00CFEE02 /* IntegrationApp */;
			targetProxy = D13CB5DF2AED6C3D00CFEE02 /* PBXContainerItemProxy */;
		};
		D13CB5EA2AED6C3E00CFEE02 /* PBXTargetDependency */ = {
			isa = PBXTargetDependency;
			target = D13CB5CD2AED6C3C00CFEE02 /* IntegrationApp */;
			targetProxy = D13CB5E92AED6C3E00CFEE02 /* PBXContainerItemProxy */;
		};
/* End PBXTargetDependency section */

/* Begin XCBuildConfiguration section */
		D13CB5F02AED6C3E00CFEE02 /* Debug */ = {
			isa = XCBuildConfiguration;
			buildSettings = {
				ALWAYS_SEARCH_USER_PATHS = NO;
				ASSETCATALOG_COMPILER_GENERATE_SWIFT_ASSET_SYMBOL_EXTENSIONS = YES;
				CLANG_ANALYZER_NONNULL = YES;
				CLANG_ANALYZER_NUMBER_OBJECT_CONVERSION = YES_AGGRESSIVE;
				CLANG_CXX_LANGUAGE_STANDARD = "gnu++20";
				CLANG_ENABLE_MODULES = YES;
				CLANG_ENABLE_OBJC_ARC = YES;
				CLANG_ENABLE_OBJC_WEAK = YES;
				CLANG_WARN_BLOCK_CAPTURE_AUTORELEASING = YES;
				CLANG_WARN_BOOL_CONVERSION = YES;
				CLANG_WARN_COMMA = YES;
				CLANG_WARN_CONSTANT_CONVERSION = YES;
				CLANG_WARN_DEPRECATED_OBJC_IMPLEMENTATIONS = YES;
				CLANG_WARN_DIRECT_OBJC_ISA_USAGE = YES_ERROR;
				CLANG_WARN_DOCUMENTATION_COMMENTS = YES;
				CLANG_WARN_EMPTY_BODY = YES;
				CLANG_WARN_ENUM_CONVERSION = YES;
				CLANG_WARN_INFINITE_RECURSION = YES;
				CLANG_WARN_INT_CONVERSION = YES;
				CLANG_WARN_NON_LITERAL_NULL_CONVERSION = YES;
				CLANG_WARN_OBJC_IMPLICIT_RETAIN_SELF = YES;
				CLANG_WARN_OBJC_LITERAL_CONVERSION = YES;
				CLANG_WARN_OBJC_ROOT_CLASS = YES_ERROR;
				CLANG_WARN_QUOTED_INCLUDE_IN_FRAMEWORK_HEADER = YES;
				CLANG_WARN_RANGE_LOOP_ANALYSIS = YES;
				CLANG_WARN_STRICT_PROTOTYPES = YES;
				CLANG_WARN_SUSPICIOUS_MOVE = YES;
				CLANG_WARN_UNGUARDED_AVAILABILITY = YES_AGGRESSIVE;
				CLANG_WARN_UNREACHABLE_CODE = YES;
				CLANG_WARN__DUPLICATE_METHOD_MATCH = YES;
				COPY_PHASE_STRIP = NO;
				DEBUG_INFORMATION_FORMAT = dwarf;
				ENABLE_STRICT_OBJC_MSGSEND = YES;
				ENABLE_TESTABILITY = YES;
				ENABLE_USER_SCRIPT_SANDBOXING = YES;
				GCC_C_LANGUAGE_STANDARD = gnu17;
				GCC_DYNAMIC_NO_PIC = NO;
				GCC_NO_COMMON_BLOCKS = YES;
				GCC_OPTIMIZATION_LEVEL = 0;
				GCC_PREPROCESSOR_DEFINITIONS = (
					"DEBUG=1",
					"$(inherited)",
				);
				GCC_WARN_64_TO_32_BIT_CONVERSION = YES;
				GCC_WARN_ABOUT_RETURN_TYPE = YES_ERROR;
				GCC_WARN_UNDECLARED_SELECTOR = YES;
				GCC_WARN_UNINITIALIZED_AUTOS = YES_AGGRESSIVE;
				GCC_WARN_UNUSED_FUNCTION = YES;
				GCC_WARN_UNUSED_VARIABLE = YES;
				IPHONEOS_DEPLOYMENT_TARGET = 16.1;
				LOCALIZATION_PREFERS_STRING_CATALOGS = YES;
				MTL_ENABLE_DEBUG_INFO = INCLUDE_SOURCE;
				MTL_FAST_MATH = YES;
				ONLY_ACTIVE_ARCH = YES;
				SDKROOT = iphoneos;
				SWIFT_ACTIVE_COMPILATION_CONDITIONS = "DEBUG $(inherited)";
				SWIFT_OPTIMIZATION_LEVEL = "-Onone";
			};
			name = Debug;
		};
		D13CB5F12AED6C3E00CFEE02 /* Release */ = {
			isa = XCBuildConfiguration;
			buildSettings = {
				ALWAYS_SEARCH_USER_PATHS = NO;
				ASSETCATALOG_COMPILER_GENERATE_SWIFT_ASSET_SYMBOL_EXTENSIONS = YES;
				CLANG_ANALYZER_NONNULL = YES;
				CLANG_ANALYZER_NUMBER_OBJECT_CONVERSION = YES_AGGRESSIVE;
				CLANG_CXX_LANGUAGE_STANDARD = "gnu++20";
				CLANG_ENABLE_MODULES = YES;
				CLANG_ENABLE_OBJC_ARC = YES;
				CLANG_ENABLE_OBJC_WEAK = YES;
				CLANG_WARN_BLOCK_CAPTURE_AUTORELEASING = YES;
				CLANG_WARN_BOOL_CONVERSION = YES;
				CLANG_WARN_COMMA = YES;
				CLANG_WARN_CONSTANT_CONVERSION = YES;
				CLANG_WARN_DEPRECATED_OBJC_IMPLEMENTATIONS = YES;
				CLANG_WARN_DIRECT_OBJC_ISA_USAGE = YES_ERROR;
				CLANG_WARN_DOCUMENTATION_COMMENTS = YES;
				CLANG_WARN_EMPTY_BODY = YES;
				CLANG_WARN_ENUM_CONVERSION = YES;
				CLANG_WARN_INFINITE_RECURSION = YES;
				CLANG_WARN_INT_CONVERSION = YES;
				CLANG_WARN_NON_LITERAL_NULL_CONVERSION = YES;
				CLANG_WARN_OBJC_IMPLICIT_RETAIN_SELF = YES;
				CLANG_WARN_OBJC_LITERAL_CONVERSION = YES;
				CLANG_WARN_OBJC_ROOT_CLASS = YES_ERROR;
				CLANG_WARN_QUOTED_INCLUDE_IN_FRAMEWORK_HEADER = YES;
				CLANG_WARN_RANGE_LOOP_ANALYSIS = YES;
				CLANG_WARN_STRICT_PROTOTYPES = YES;
				CLANG_WARN_SUSPICIOUS_MOVE = YES;
				CLANG_WARN_UNGUARDED_AVAILABILITY = YES_AGGRESSIVE;
				CLANG_WARN_UNREACHABLE_CODE = YES;
				CLANG_WARN__DUPLICATE_METHOD_MATCH = YES;
				COPY_PHASE_STRIP = NO;
				DEBUG_INFORMATION_FORMAT = "dwarf-with-dsym";
				ENABLE_NS_ASSERTIONS = NO;
				ENABLE_STRICT_OBJC_MSGSEND = YES;
				ENABLE_USER_SCRIPT_SANDBOXING = YES;
				GCC_C_LANGUAGE_STANDARD = gnu17;
				GCC_NO_COMMON_BLOCKS = YES;
				GCC_WARN_64_TO_32_BIT_CONVERSION = YES;
				GCC_WARN_ABOUT_RETURN_TYPE = YES_ERROR;
				GCC_WARN_UNDECLARED_SELECTOR = YES;
				GCC_WARN_UNINITIALIZED_AUTOS = YES_AGGRESSIVE;
				GCC_WARN_UNUSED_FUNCTION = YES;
				GCC_WARN_UNUSED_VARIABLE = YES;
				IPHONEOS_DEPLOYMENT_TARGET = 16.1;
				LOCALIZATION_PREFERS_STRING_CATALOGS = YES;
				MTL_ENABLE_DEBUG_INFO = NO;
				MTL_FAST_MATH = YES;
				SDKROOT = iphoneos;
				SWIFT_COMPILATION_MODE = wholemodule;
				VALIDATE_PRODUCT = YES;
			};
			name = Release;
		};
		D13CB5F32AED6C3E00CFEE02 /* Debug */ = {
			isa = XCBuildConfiguration;
			buildSettings = {
				ASSETCATALOG_COMPILER_APPICON_NAME = AppIcon;
				ASSETCATALOG_COMPILER_GLOBAL_ACCENT_COLOR_NAME = AccentColor;
				ASSETCATALOG_COMPILER_INCLUDE_ALL_APPICON_ASSETS = YES;
				CODE_SIGN_STYLE = Automatic;
				CURRENT_PROJECT_VERSION = 1;
				DEVELOPMENT_ASSET_PATHS = "\"IntegrationApp/Preview Content\"";
				DEVELOPMENT_TEAM = 3SWCGFCJF2;
				ENABLE_PREVIEWS = YES;
				GENERATE_INFOPLIST_FILE = YES;
				INFOPLIST_FILE = IntegrationApp/Info.plist;
				INFOPLIST_KEY_LSApplicationCategoryType = "public.app-category.utilities";
				INFOPLIST_KEY_UIApplicationSceneManifest_Generation = YES;
				INFOPLIST_KEY_UIApplicationSupportsIndirectInputEvents = YES;
				INFOPLIST_KEY_UILaunchScreen_Generation = YES;
				INFOPLIST_KEY_UIStatusBarStyle = "";
				INFOPLIST_KEY_UISupportedInterfaceOrientations = UIInterfaceOrientationPortrait;
				INFOPLIST_KEY_UISupportedInterfaceOrientations_iPad = "UIInterfaceOrientationPortrait UIInterfaceOrientationPortraitUpsideDown";
				IPHONEOS_DEPLOYMENT_TARGET = 16.1;
				LD_RUNPATH_SEARCH_PATHS = (
					"$(inherited)",
					"@executable_path/Frameworks",
				);
				MARKETING_VERSION = 1.0;
				PRODUCT_BUNDLE_IDENTIFIER = mini.IntegrationApp;
				PRODUCT_NAME = "$(TARGET_NAME)";
				SUPPORTED_PLATFORMS = "iphoneos iphonesimulator";
				SUPPORTS_MACCATALYST = NO;
				SUPPORTS_MAC_DESIGNED_FOR_IPHONE_IPAD = NO;
				SWIFT_EMIT_LOC_STRINGS = YES;
				SWIFT_VERSION = 5.0;
				TARGETED_DEVICE_FAMILY = "1,2";
			};
			name = Debug;
		};
		D13CB5F42AED6C3E00CFEE02 /* Release */ = {
			isa = XCBuildConfiguration;
			buildSettings = {
				ASSETCATALOG_COMPILER_APPICON_NAME = AppIcon;
				ASSETCATALOG_COMPILER_GLOBAL_ACCENT_COLOR_NAME = AccentColor;
				ASSETCATALOG_COMPILER_INCLUDE_ALL_APPICON_ASSETS = YES;
				CODE_SIGN_STYLE = Automatic;
				CURRENT_PROJECT_VERSION = 1;
				DEVELOPMENT_ASSET_PATHS = "\"IntegrationApp/Preview Content\"";
				DEVELOPMENT_TEAM = 3SWCGFCJF2;
				ENABLE_PREVIEWS = YES;
				GENERATE_INFOPLIST_FILE = YES;
				INFOPLIST_FILE = IntegrationApp/Info.plist;
				INFOPLIST_KEY_LSApplicationCategoryType = "public.app-category.utilities";
				INFOPLIST_KEY_UIApplicationSceneManifest_Generation = YES;
				INFOPLIST_KEY_UIApplicationSupportsIndirectInputEvents = YES;
				INFOPLIST_KEY_UILaunchScreen_Generation = YES;
				INFOPLIST_KEY_UIStatusBarStyle = "";
				INFOPLIST_KEY_UISupportedInterfaceOrientations = UIInterfaceOrientationPortrait;
				INFOPLIST_KEY_UISupportedInterfaceOrientations_iPad = "UIInterfaceOrientationPortrait UIInterfaceOrientationPortraitUpsideDown";
				IPHONEOS_DEPLOYMENT_TARGET = 16.1;
				LD_RUNPATH_SEARCH_PATHS = (
					"$(inherited)",
					"@executable_path/Frameworks",
				);
				MARKETING_VERSION = 1.0;
				PRODUCT_BUNDLE_IDENTIFIER = mini.IntegrationApp;
				PRODUCT_NAME = "$(TARGET_NAME)";
				SUPPORTED_PLATFORMS = "iphoneos iphonesimulator";
				SUPPORTS_MACCATALYST = NO;
				SUPPORTS_MAC_DESIGNED_FOR_IPHONE_IPAD = NO;
				SWIFT_EMIT_LOC_STRINGS = YES;
				SWIFT_VERSION = 5.0;
				TARGETED_DEVICE_FAMILY = "1,2";
			};
			name = Release;
		};
		D13CB5F62AED6C3E00CFEE02 /* Debug */ = {
			isa = XCBuildConfiguration;
			buildSettings = {
				ALWAYS_EMBED_SWIFT_STANDARD_LIBRARIES = YES;
				BUNDLE_LOADER = "$(TEST_HOST)";
				CODE_SIGN_STYLE = Automatic;
				CURRENT_PROJECT_VERSION = 1;
				DEVELOPMENT_TEAM = 3SWCGFCJF2;
				GENERATE_INFOPLIST_FILE = YES;
				IPHONEOS_DEPLOYMENT_TARGET = 17.0;
				MARKETING_VERSION = 1.0;
				PRODUCT_BUNDLE_IDENTIFIER = mini.IntegrationAppTests;
				PRODUCT_NAME = "$(TARGET_NAME)";
				SWIFT_EMIT_LOC_STRINGS = NO;
				SWIFT_VERSION = 5.0;
				TARGETED_DEVICE_FAMILY = "1,2";
				TEST_HOST = "$(BUILT_PRODUCTS_DIR)/IntegrationApp.app/$(BUNDLE_EXECUTABLE_FOLDER_PATH)/IntegrationApp";
			};
			name = Debug;
		};
		D13CB5F72AED6C3E00CFEE02 /* Release */ = {
			isa = XCBuildConfiguration;
			buildSettings = {
				ALWAYS_EMBED_SWIFT_STANDARD_LIBRARIES = YES;
				BUNDLE_LOADER = "$(TEST_HOST)";
				CODE_SIGN_STYLE = Automatic;
				CURRENT_PROJECT_VERSION = 1;
				DEVELOPMENT_TEAM = 3SWCGFCJF2;
				GENERATE_INFOPLIST_FILE = YES;
				IPHONEOS_DEPLOYMENT_TARGET = 17.0;
				MARKETING_VERSION = 1.0;
				PRODUCT_BUNDLE_IDENTIFIER = mini.IntegrationAppTests;
				PRODUCT_NAME = "$(TARGET_NAME)";
				SWIFT_EMIT_LOC_STRINGS = NO;
				SWIFT_VERSION = 5.0;
				TARGETED_DEVICE_FAMILY = "1,2";
				TEST_HOST = "$(BUILT_PRODUCTS_DIR)/IntegrationApp.app/$(BUNDLE_EXECUTABLE_FOLDER_PATH)/IntegrationApp";
			};
			name = Release;
		};
		D13CB5F92AED6C3E00CFEE02 /* Debug */ = {
			isa = XCBuildConfiguration;
			buildSettings = {
				ALWAYS_EMBED_SWIFT_STANDARD_LIBRARIES = YES;
				CODE_SIGN_STYLE = Automatic;
				CURRENT_PROJECT_VERSION = 1;
				DEVELOPMENT_TEAM = 3SWCGFCJF2;
				GENERATE_INFOPLIST_FILE = YES;
				MARKETING_VERSION = 1.0;
				PRODUCT_BUNDLE_IDENTIFIER = mini.IntegrationAppUITests;
				PRODUCT_NAME = "$(TARGET_NAME)";
				SWIFT_EMIT_LOC_STRINGS = NO;
				SWIFT_VERSION = 5.0;
				TARGETED_DEVICE_FAMILY = "1,2";
				TEST_TARGET_NAME = IntegrationApp;
			};
			name = Debug;
		};
		D13CB5FA2AED6C3E00CFEE02 /* Release */ = {
			isa = XCBuildConfiguration;
			buildSettings = {
				ALWAYS_EMBED_SWIFT_STANDARD_LIBRARIES = YES;
				CODE_SIGN_STYLE = Automatic;
				CURRENT_PROJECT_VERSION = 1;
				DEVELOPMENT_TEAM = 3SWCGFCJF2;
				GENERATE_INFOPLIST_FILE = YES;
				MARKETING_VERSION = 1.0;
				PRODUCT_BUNDLE_IDENTIFIER = mini.IntegrationAppUITests;
				PRODUCT_NAME = "$(TARGET_NAME)";
				SWIFT_EMIT_LOC_STRINGS = NO;
				SWIFT_VERSION = 5.0;
				TARGETED_DEVICE_FAMILY = "1,2";
				TEST_TARGET_NAME = IntegrationApp;
			};
			name = Release;
		};
/* End XCBuildConfiguration section */

/* Begin XCConfigurationList section */
		D13CB5C92AED6C3C00CFEE02 /* Build configuration list for PBXProject "IntegrationApp" */ = {
			isa = XCConfigurationList;
			buildConfigurations = (
				D13CB5F02AED6C3E00CFEE02 /* Debug */,
				D13CB5F12AED6C3E00CFEE02 /* Release */,
			);
			defaultConfigurationIsVisible = 0;
			defaultConfigurationName = Release;
		};
		D13CB5F22AED6C3E00CFEE02 /* Build configuration list for PBXNativeTarget "IntegrationApp" */ = {
			isa = XCConfigurationList;
			buildConfigurations = (
				D13CB5F32AED6C3E00CFEE02 /* Debug */,
				D13CB5F42AED6C3E00CFEE02 /* Release */,
			);
			defaultConfigurationIsVisible = 0;
			defaultConfigurationName = Release;
		};
		D13CB5F52AED6C3E00CFEE02 /* Build configuration list for PBXNativeTarget "IntegrationAppTests" */ = {
			isa = XCConfigurationList;
			buildConfigurations = (
				D13CB5F62AED6C3E00CFEE02 /* Debug */,
				D13CB5F72AED6C3E00CFEE02 /* Release */,
			);
			defaultConfigurationIsVisible = 0;
			defaultConfigurationName = Release;
		};
		D13CB5F82AED6C3E00CFEE02 /* Build configuration list for PBXNativeTarget "IntegrationAppUITests" */ = {
			isa = XCConfigurationList;
			buildConfigurations = (
				D13CB5F92AED6C3E00CFEE02 /* Debug */,
				D13CB5FA2AED6C3E00CFEE02 /* Release */,
			);
			defaultConfigurationIsVisible = 0;
			defaultConfigurationName = Release;
		};
/* End XCConfigurationList section */
	};
	rootObject = D13CB5C62AED6C3C00CFEE02 /* Project object */;
}
